// !$*UTF8*$!
{
	archiveVersion = 1;
	classes = {
	};
	objectVersion = 46;
	objects = {

/* Begin PBXBuildFile section */
		8E2E408B1F9459ED00B42477 /* BaseModel.m in Sources */ = {isa = PBXBuildFile; fileRef = 8E2E408A1F9459ED00B42477 /* BaseModel.m */; };
		8E2E408E1F9459F500B42477 /* BaseViewController.m in Sources */ = {isa = PBXBuildFile; fileRef = 8E2E408D1F9459F500B42477 /* BaseViewController.m */; };
		8E2E40951F945A2E00B42477 /* NothingFooterCell.m in Sources */ = {isa = PBXBuildFile; fileRef = 8E2E40901F945A2E00B42477 /* NothingFooterCell.m */; };
		8E2E40961F945A2E00B42477 /* NothingFooterCell.xib in Resources */ = {isa = PBXBuildFile; fileRef = 8E2E40911F945A2E00B42477 /* NothingFooterCell.xib */; };
		8E2E40971F945A2E00B42477 /* NothingWarningView.m in Sources */ = {isa = PBXBuildFile; fileRef = 8E2E40931F945A2E00B42477 /* NothingWarningView.m */; };
		8E2E40981F945A2E00B42477 /* NothingWarningView.xib in Resources */ = {isa = PBXBuildFile; fileRef = 8E2E40941F945A2E00B42477 /* NothingWarningView.xib */; };
		8E2E409B1F945AB700B42477 /* MainPageTableViewController.m in Sources */ = {isa = PBXBuildFile; fileRef = 8E2E409A1F945AB700B42477 /* MainPageTableViewController.m */; };
		8E2E409F1F9460B300B42477 /* SimpleButtonsTableViewCell.m in Sources */ = {isa = PBXBuildFile; fileRef = 8E2E409D1F9460B300B42477 /* SimpleButtonsTableViewCell.m */; };
		8E2E40A41F949C0C00B42477 /* ExhibitionLargeCardTableViewCell.m in Sources */ = {isa = PBXBuildFile; fileRef = 8E2E40A21F949C0C00B42477 /* ExhibitionLargeCardTableViewCell.m */; };
		8E2E40A51F949C0C00B42477 /* ExhibitionLargeCardTableViewCell.xib in Resources */ = {isa = PBXBuildFile; fileRef = 8E2E40A31F949C0C00B42477 /* ExhibitionLargeCardTableViewCell.xib */; };
		8E2E40A91F94A46B00B42477 /* LinedTableViewCell.m in Sources */ = {isa = PBXBuildFile; fileRef = 8E2E40A71F94A46B00B42477 /* LinedTableViewCell.m */; };
		8E6C73F51F9D9280004B33D1 /* ImageTitleBarButtonItem.m in Sources */ = {isa = PBXBuildFile; fileRef = 8E6C73F41F9D9280004B33D1 /* ImageTitleBarButtonItem.m */; };
		8E6C73FA1F9D99B6004B33D1 /* TitleTextFieldTableViewCell.m in Sources */ = {isa = PBXBuildFile; fileRef = 8E6C73F81F9D99B6004B33D1 /* TitleTextFieldTableViewCell.m */; };
		8E6C73FB1F9D99B6004B33D1 /* TitleTextFieldTableViewCell.xib in Resources */ = {isa = PBXBuildFile; fileRef = 8E6C73F91F9D99B6004B33D1 /* TitleTextFieldTableViewCell.xib */; };
		8E6C73FE1F9D9B18004B33D1 /* FormBaseTableViewCell.m in Sources */ = {isa = PBXBuildFile; fileRef = 8E6C73FD1F9D9B18004B33D1 /* FormBaseTableViewCell.m */; };
		8E6C74021F9D9CA0004B33D1 /* TitleSelectionHeaderTableViewCell.m in Sources */ = {isa = PBXBuildFile; fileRef = 8E6C74001F9D9CA0004B33D1 /* TitleSelectionHeaderTableViewCell.m */; };
		8E6C74031F9D9CA0004B33D1 /* TitleSelectionHeaderTableViewCell.xib in Resources */ = {isa = PBXBuildFile; fileRef = 8E6C74011F9D9CA0004B33D1 /* TitleSelectionHeaderTableViewCell.xib */; };
		8E6C74071F9D9E4D004B33D1 /* TitleSelectionItemTableViewCell.m in Sources */ = {isa = PBXBuildFile; fileRef = 8E6C74051F9D9E4D004B33D1 /* TitleSelectionItemTableViewCell.m */; };
		8E6C74081F9D9E4D004B33D1 /* TitleSelectionItemTableViewCell.xib in Resources */ = {isa = PBXBuildFile; fileRef = 8E6C74061F9D9E4D004B33D1 /* TitleSelectionItemTableViewCell.xib */; };
		8E6C740C1F9D9FE6004B33D1 /* TitleTextViewTableViewCell.m in Sources */ = {isa = PBXBuildFile; fileRef = 8E6C740A1F9D9FE6004B33D1 /* TitleTextViewTableViewCell.m */; };
		8E6C740D1F9D9FE6004B33D1 /* TitleTextViewTableViewCell.xib in Resources */ = {isa = PBXBuildFile; fileRef = 8E6C740B1F9D9FE6004B33D1 /* TitleTextViewTableViewCell.xib */; };
		8E6C74101F9DBD9E004B33D1 /* BaseFormTableViewController.m in Sources */ = {isa = PBXBuildFile; fileRef = 8E6C740F1F9DBD9E004B33D1 /* BaseFormTableViewController.m */; };
		8E6C74131F9DC0C4004B33D1 /* ZhuchangFormTableViewController.m in Sources */ = {isa = PBXBuildFile; fileRef = 8E6C74121F9DC0C4004B33D1 /* ZhuchangFormTableViewController.m */; };
		8E6C74181F9DD785004B33D1 /* ExhibitionListViewController.m in Sources */ = {isa = PBXBuildFile; fileRef = 8E6C74171F9DD785004B33D1 /* ExhibitionListViewController.m */; };
		8E6C741D1F9DF0E2004B33D1 /* OnlineRentTableViewController.m in Sources */ = {isa = PBXBuildFile; fileRef = 8E6C741C1F9DF0E2004B33D1 /* OnlineRentTableViewController.m */; };
		8E6C74251F9DF537004B33D1 /* MenuHeaderTableViewCell.m in Sources */ = {isa = PBXBuildFile; fileRef = 8E6C74241F9DF537004B33D1 /* MenuHeaderTableViewCell.m */; };
		8E6C74291F9ED49D004B33D1 /* SimpleTitleTableViewCell.m in Sources */ = {isa = PBXBuildFile; fileRef = 8E6C74271F9ED49D004B33D1 /* SimpleTitleTableViewCell.m */; };
		8E6C742A1F9ED49D004B33D1 /* SimpleTitleTableViewCell.xib in Resources */ = {isa = PBXBuildFile; fileRef = 8E6C74281F9ED49D004B33D1 /* SimpleTitleTableViewCell.xib */; };
		8E6C742E1F9EDB68004B33D1 /* GoodsTableViewCell.m in Sources */ = {isa = PBXBuildFile; fileRef = 8E6C742C1F9EDB68004B33D1 /* GoodsTableViewCell.m */; };
		8E6C742F1F9EDB68004B33D1 /* GoodsTableViewCell.xib in Resources */ = {isa = PBXBuildFile; fileRef = 8E6C742D1F9EDB68004B33D1 /* GoodsTableViewCell.xib */; };
		8E6C746D1F9F2B23004B33D1 /* PhotoSliderView.m in Sources */ = {isa = PBXBuildFile; fileRef = 8E6C746C1F9F2B23004B33D1 /* PhotoSliderView.m */; };
		8E6C74701F9F3020004B33D1 /* ExhibitionExamplesViewController.m in Sources */ = {isa = PBXBuildFile; fileRef = 8E6C746F1F9F3020004B33D1 /* ExhibitionExamplesViewController.m */; };
		8E6C74741F9F333F004B33D1 /* ExhibitionLargeRectTableViewCell.m in Sources */ = {isa = PBXBuildFile; fileRef = 8E6C74721F9F333F004B33D1 /* ExhibitionLargeRectTableViewCell.m */; };
		8E6C74751F9F333F004B33D1 /* ExhibitionLargeRectTableViewCell.xib in Resources */ = {isa = PBXBuildFile; fileRef = 8E6C74731F9F333F004B33D1 /* ExhibitionLargeRectTableViewCell.xib */; };
		8E6C747B1F9F40CD004B33D1 /* ExhibitionPictureViewController.m in Sources */ = {isa = PBXBuildFile; fileRef = 8E6C747A1F9F40CD004B33D1 /* ExhibitionPictureViewController.m */; };
		8E6C74811F9F42E8004B33D1 /* 0.jpg in Resources */ = {isa = PBXBuildFile; fileRef = 8E6C747C1F9F42E8004B33D1 /* 0.jpg */; };
		8E6C74821F9F42E8004B33D1 /* 1.jpg in Resources */ = {isa = PBXBuildFile; fileRef = 8E6C747D1F9F42E8004B33D1 /* 1.jpg */; };
		8E6C74831F9F42E8004B33D1 /* 2.jpg in Resources */ = {isa = PBXBuildFile; fileRef = 8E6C747E1F9F42E8004B33D1 /* 2.jpg */; };
		8E6C74841F9F42E8004B33D1 /* 3.jpg in Resources */ = {isa = PBXBuildFile; fileRef = 8E6C747F1F9F42E8004B33D1 /* 3.jpg */; };
		8E6C74851F9F42E8004B33D1 /* 4.jpg in Resources */ = {isa = PBXBuildFile; fileRef = 8E6C74801F9F42E8004B33D1 /* 4.jpg */; };
		8E6C74891FA0243E004B33D1 /* TravellingRootViewController.m in Sources */ = {isa = PBXBuildFile; fileRef = 8E6C74881FA0243E004B33D1 /* TravellingRootViewController.m */; };
		8E6C748D1FA02495004B33D1 /* LargeImageBlackLabelTableViewCell.m in Sources */ = {isa = PBXBuildFile; fileRef = 8E6C748B1FA02495004B33D1 /* LargeImageBlackLabelTableViewCell.m */; };
		8E6C748E1FA02495004B33D1 /* LargeImageBlackLabelTableViewCell.xib in Resources */ = {isa = PBXBuildFile; fileRef = 8E6C748C1FA02495004B33D1 /* LargeImageBlackLabelTableViewCell.xib */; };
		8E6C74931FA03E69004B33D1 /* ProductDetailTableViewCell.m in Sources */ = {isa = PBXBuildFile; fileRef = 8E6C74911FA03E69004B33D1 /* ProductDetailTableViewCell.m */; };
		8E6C74941FA03E69004B33D1 /* ProductDetailTableViewCell.xib in Resources */ = {isa = PBXBuildFile; fileRef = 8E6C74921FA03E69004B33D1 /* ProductDetailTableViewCell.xib */; };
		8E6C74981FA03E9B004B33D1 /* ProductParameterTableViewCell.m in Sources */ = {isa = PBXBuildFile; fileRef = 8E6C74961FA03E9B004B33D1 /* ProductParameterTableViewCell.m */; };
		8E6C74991FA03E9B004B33D1 /* ProductParameterTableViewCell.xib in Resources */ = {isa = PBXBuildFile; fileRef = 8E6C74971FA03E9B004B33D1 /* ProductParameterTableViewCell.xib */; };
		8E6C749C1FA041C0004B33D1 /* ZZStepper.m in Sources */ = {isa = PBXBuildFile; fileRef = 8E6C749B1FA041C0004B33D1 /* ZZStepper.m */; };
		8E6C749F1FA0669D004B33D1 /* ProductDetailViewController.m in Sources */ = {isa = PBXBuildFile; fileRef = 8E6C749E1FA0669D004B33D1 /* ProductDetailViewController.m */; };
		8E6C74A11FA06B45004B33D1 /* OnlineRent.storyboard in Resources */ = {isa = PBXBuildFile; fileRef = 8E6C74A01FA06B45004B33D1 /* OnlineRent.storyboard */; };
		8E6C74A41FA06C05004B33D1 /* BaseToolBarTableViewController.m in Sources */ = {isa = PBXBuildFile; fileRef = 8E6C74A31FA06C05004B33D1 /* BaseToolBarTableViewController.m */; };
		8E6C74A81FA071B4004B33D1 /* RentCartEditTableViewCell.m in Sources */ = {isa = PBXBuildFile; fileRef = 8E6C74A61FA071B4004B33D1 /* RentCartEditTableViewCell.m */; };
		8E6C74A91FA071B4004B33D1 /* RentCartEditTableViewCell.xib in Resources */ = {isa = PBXBuildFile; fileRef = 8E6C74A71FA071B4004B33D1 /* RentCartEditTableViewCell.xib */; };
		8E6C74AC1FA08572004B33D1 /* RentCartViewController.m in Sources */ = {isa = PBXBuildFile; fileRef = 8E6C74AB1FA08572004B33D1 /* RentCartViewController.m */; };
		8E99A8CF1F90664D0078C452 /* main.m in Sources */ = {isa = PBXBuildFile; fileRef = 8E99A8CE1F90664D0078C452 /* main.m */; };
		8E99A8D21F90664D0078C452 /* AppDelegate.m in Sources */ = {isa = PBXBuildFile; fileRef = 8E99A8D11F90664D0078C452 /* AppDelegate.m */; };
		8E99A8D81F90664D0078C452 /* Main.storyboard in Resources */ = {isa = PBXBuildFile; fileRef = 8E99A8D61F90664D0078C452 /* Main.storyboard */; };
		8E99A8DA1F90664D0078C452 /* Assets.xcassets in Resources */ = {isa = PBXBuildFile; fileRef = 8E99A8D91F90664D0078C452 /* Assets.xcassets */; };
		8E99A8DD1F90664D0078C452 /* LaunchScreen.storyboard in Resources */ = {isa = PBXBuildFile; fileRef = 8E99A8DB1F90664D0078C452 /* LaunchScreen.storyboard */; };
		8E99AA3D1F9068920078C452 /* hhh.html in Resources */ = {isa = PBXBuildFile; fileRef = 8E99A91F1F9068910078C452 /* hhh.html */; };
		8E99AA441F9068920078C452 /* ZZPagerController.m in Sources */ = {isa = PBXBuildFile; fileRef = 8E99A92B1F9068910078C452 /* ZZPagerController.m */; };
		8E99AA451F9068920078C452 /* ZZSearchBar.m in Sources */ = {isa = PBXBuildFile; fileRef = 8E99A92D1F9068910078C452 /* ZZSearchBar.m */; };
		8E99AA461F9068920078C452 /* NSDictionary+ext.m in Sources */ = {isa = PBXBuildFile; fileRef = 8E99A9301F9068910078C452 /* NSDictionary+ext.m */; };
		8E99AA471F9068920078C452 /* NSObject+SwizzleClasses.m in Sources */ = {isa = PBXBuildFile; fileRef = 8E99A9321F9068910078C452 /* NSObject+SwizzleClasses.m */; };
		8E99AA481F9068920078C452 /* NSString+ext.m in Sources */ = {isa = PBXBuildFile; fileRef = 8E99A9341F9068910078C452 /* NSString+ext.m */; };
		8E99AA491F9068920078C452 /* UIImage+ext.m in Sources */ = {isa = PBXBuildFile; fileRef = 8E99A9361F9068910078C452 /* UIImage+ext.m */; };
		8E99AA4A1F9068920078C452 /* UIView+ext.m in Sources */ = {isa = PBXBuildFile; fileRef = 8E99A9381F9068910078C452 /* UIView+ext.m */; };
		8E99AA9C1F9068920078C452 /* Foundation+Log.m in Sources */ = {isa = PBXBuildFile; fileRef = 8E99A9DA1F9068920078C452 /* Foundation+Log.m */; };
		8E99AA9D1F9068920078C452 /* JRSwizzle.m in Sources */ = {isa = PBXBuildFile; fileRef = 8E99A9DC1F9068920078C452 /* JRSwizzle.m */; };
		8E99AA9E1F9068920078C452 /* Checkmark.png in Resources */ = {isa = PBXBuildFile; fileRef = 8E99A9DE1F9068920078C452 /* Checkmark.png */; };
		8E99AA9F1F9068920078C452 /* Checkmark@2x.png in Resources */ = {isa = PBXBuildFile; fileRef = 8E99A9DF1F9068920078C452 /* Checkmark@2x.png */; };
		8E99AAA01F9068920078C452 /* Checkmark@3x.png in Resources */ = {isa = PBXBuildFile; fileRef = 8E99A9E01F9068920078C452 /* Checkmark@3x.png */; };
		8E99AAA11F9068920078C452 /* MBProgressHUD+ZZCustom.m in Sources */ = {isa = PBXBuildFile; fileRef = 8E99A9E21F9068920078C452 /* MBProgressHUD+ZZCustom.m */; };
		8E99AAA21F9068920078C452 /* MBProgressHUD.m in Sources */ = {isa = PBXBuildFile; fileRef = 8E99A9E41F9068920078C452 /* MBProgressHUD.m */; };
		8E99AAA31F9068920078C452 /* Reachability.m in Sources */ = {isa = PBXBuildFile; fileRef = 8E99A9E71F9068920078C452 /* Reachability.m */; };
		8E99AAA41F9068920078C452 /* MKAnnotationView+WebCache.m in Sources */ = {isa = PBXBuildFile; fileRef = 8E99A9EA1F9068920078C452 /* MKAnnotationView+WebCache.m */; };
		8E99AAA51F9068920078C452 /* NSData+ImageContentType.m in Sources */ = {isa = PBXBuildFile; fileRef = 8E99A9EC1F9068920078C452 /* NSData+ImageContentType.m */; };
		8E99AAA61F9068920078C452 /* NSImage+WebCache.m in Sources */ = {isa = PBXBuildFile; fileRef = 8E99A9EE1F9068920078C452 /* NSImage+WebCache.m */; };
		8E99AAA71F9068920078C452 /* SDImageCache.m in Sources */ = {isa = PBXBuildFile; fileRef = 8E99A9F01F9068920078C452 /* SDImageCache.m */; };
		8E99AAA81F9068920078C452 /* SDImageCacheConfig.m in Sources */ = {isa = PBXBuildFile; fileRef = 8E99A9F21F9068920078C452 /* SDImageCacheConfig.m */; };
		8E99AAA91F9068920078C452 /* SDWebImageCompat.m in Sources */ = {isa = PBXBuildFile; fileRef = 8E99A9F41F9068920078C452 /* SDWebImageCompat.m */; };
		8E99AAAA1F9068920078C452 /* SDWebImageDecoder.m in Sources */ = {isa = PBXBuildFile; fileRef = 8E99A9F61F9068920078C452 /* SDWebImageDecoder.m */; };
		8E99AAAB1F9068920078C452 /* SDWebImageDownloader.m in Sources */ = {isa = PBXBuildFile; fileRef = 8E99A9F81F9068920078C452 /* SDWebImageDownloader.m */; };
		8E99AAAC1F9068920078C452 /* SDWebImageDownloaderOperation.m in Sources */ = {isa = PBXBuildFile; fileRef = 8E99A9FA1F9068920078C452 /* SDWebImageDownloaderOperation.m */; };
		8E99AAAD1F9068920078C452 /* SDWebImageManager.m in Sources */ = {isa = PBXBuildFile; fileRef = 8E99A9FC1F9068920078C452 /* SDWebImageManager.m */; };
		8E99AAAE1F9068920078C452 /* SDWebImagePrefetcher.m in Sources */ = {isa = PBXBuildFile; fileRef = 8E99A9FF1F9068920078C452 /* SDWebImagePrefetcher.m */; };
		8E99AAAF1F9068920078C452 /* UIButton+WebCache.m in Sources */ = {isa = PBXBuildFile; fileRef = 8E99AA011F9068920078C452 /* UIButton+WebCache.m */; };
		8E99AAB01F9068920078C452 /* UIImage+GIF.m in Sources */ = {isa = PBXBuildFile; fileRef = 8E99AA031F9068920078C452 /* UIImage+GIF.m */; };
		8E99AAB11F9068920078C452 /* UIImage+MultiFormat.m in Sources */ = {isa = PBXBuildFile; fileRef = 8E99AA051F9068920078C452 /* UIImage+MultiFormat.m */; };
		8E99AAB21F9068920078C452 /* UIImage+WebP.m in Sources */ = {isa = PBXBuildFile; fileRef = 8E99AA071F9068920078C452 /* UIImage+WebP.m */; };
		8E99AAB31F9068920078C452 /* UIImageView+HighlightedWebCache.m in Sources */ = {isa = PBXBuildFile; fileRef = 8E99AA091F9068920078C452 /* UIImageView+HighlightedWebCache.m */; };
		8E99AAB41F9068920078C452 /* UIImageView+WebCache.m in Sources */ = {isa = PBXBuildFile; fileRef = 8E99AA0B1F9068920078C452 /* UIImageView+WebCache.m */; };
		8E99AAB51F9068920078C452 /* UIView+WebCache.m in Sources */ = {isa = PBXBuildFile; fileRef = 8E99AA0D1F9068920078C452 /* UIView+WebCache.m */; };
		8E99AAB61F9068920078C452 /* UIView+WebCacheOperation.m in Sources */ = {isa = PBXBuildFile; fileRef = 8E99AA0F1F9068920078C452 /* UIView+WebCacheOperation.m */; };
		8E99AABA1F9068920078C452 /* ZZHttpTool.m in Sources */ = {isa = PBXBuildFile; fileRef = 8E99AA191F9068920078C452 /* ZZHttpTool.m */; };
		8E99AABD1F9068920078C452 /* ZZUrlTool.m in Sources */ = {isa = PBXBuildFile; fileRef = 8E99AA1F1F9068920078C452 /* ZZUrlTool.m */; };
		8E99AAC31F9069AC0078C452 /* NaviController.m in Sources */ = {isa = PBXBuildFile; fileRef = 8E99AAC01F9069AC0078C452 /* NaviController.m */; };
		8E99AAC41F9069AC0078C452 /* TabbarController.m in Sources */ = {isa = PBXBuildFile; fileRef = 8E99AAC21F9069AC0078C452 /* TabbarController.m */; };
		8E99AAC71F906B190078C452 /* ZZnotificationName.m in Sources */ = {isa = PBXBuildFile; fileRef = 8E99AAC61F906B190078C452 /* ZZnotificationName.m */; };
		8E99AACA1F906E660078C452 /* AdvertiseView.m in Sources */ = {isa = PBXBuildFile; fileRef = 8E99AAC91F906E660078C452 /* AdvertiseView.m */; };
		8EB674C11F973818008CC196 /* BaseCollectionViewController.m in Sources */ = {isa = PBXBuildFile; fileRef = 8EB674BC1F973818008CC196 /* BaseCollectionViewController.m */; };
		8EB674C21F973818008CC196 /* BaseLoadMoreFooterView.m in Sources */ = {isa = PBXBuildFile; fileRef = 8EB674BE1F973818008CC196 /* BaseLoadMoreFooterView.m */; };
		8EB674C31F973818008CC196 /* BaseTableViewController.m in Sources */ = {isa = PBXBuildFile; fileRef = 8EB674C01F973818008CC196 /* BaseTableViewController.m */; };
		8EB674C51F973CE8008CC196 /* a.png in Resources */ = {isa = PBXBuildFile; fileRef = 8EB674C41F973CE8008CC196 /* a.png */; };
		8EB674C91F97416B008CC196 /* MessageSmallTableViewCell.m in Sources */ = {isa = PBXBuildFile; fileRef = 8EB674C71F97416B008CC196 /* MessageSmallTableViewCell.m */; };
		8EB674CA1F97416B008CC196 /* MessageSmallTableViewCell.xib in Resources */ = {isa = PBXBuildFile; fileRef = 8EB674C81F97416B008CC196 /* MessageSmallTableViewCell.xib */; };
		8EB674CE1F974214008CC196 /* SimpleHeaderTableViewCell.m in Sources */ = {isa = PBXBuildFile; fileRef = 8EB674CC1F974214008CC196 /* SimpleHeaderTableViewCell.m */; };
		8EB674CF1F974214008CC196 /* SimpleHeaderTableViewCell.xib in Resources */ = {isa = PBXBuildFile; fileRef = 8EB674CD1F974214008CC196 /* SimpleHeaderTableViewCell.xib */; };
		8EB674D31F99A991008CC196 /* MainPageHeaderTableViewCell.m in Sources */ = {isa = PBXBuildFile; fileRef = 8EB674D11F99A991008CC196 /* MainPageHeaderTableViewCell.m */; };
		8EB674D41F99A991008CC196 /* MainPageHeaderTableViewCell.xib in Resources */ = {isa = PBXBuildFile; fileRef = 8EB674D21F99A991008CC196 /* MainPageHeaderTableViewCell.xib */; };
		8EB674D81F99D003008CC196 /* CorneredImageView.m in Sources */ = {isa = PBXBuildFile; fileRef = 8EB674D71F99D003008CC196 /* CorneredImageView.m */; };
		8EB674DF1F99E83F008CC196 /* MainPage.storyboard in Resources */ = {isa = PBXBuildFile; fileRef = 8EB674DE1F99E83F008CC196 /* MainPage.storyboard */; };
		8EB674E31F99E9EA008CC196 /* MyPageTableViewController.m in Sources */ = {isa = PBXBuildFile; fileRef = 8EB674E21F99E9EA008CC196 /* MyPageTableViewController.m */; };
		8EB674E71F99EB35008CC196 /* MyPageHeaderTableViewCell.xib in Resources */ = {isa = PBXBuildFile; fileRef = 8EB674E51F99EB35008CC196 /* MyPageHeaderTableViewCell.xib */; };
		8EB674E81F99EB35008CC196 /* MyPageHeaderTableViewCell.m in Sources */ = {isa = PBXBuildFile; fileRef = 8EB674E61F99EB35008CC196 /* MyPageHeaderTableViewCell.m */; };
		8EB674ED1F99F523008CC196 /* MyPageSimpleTableViewCell.m in Sources */ = {isa = PBXBuildFile; fileRef = 8EB674EB1F99F523008CC196 /* MyPageSimpleTableViewCell.m */; };
		8EB674EE1F99F523008CC196 /* MyPageSimpleTableViewCell.xib in Resources */ = {isa = PBXBuildFile; fileRef = 8EB674EC1F99F523008CC196 /* MyPageSimpleTableViewCell.xib */; };
		8EB674F11F99F85D008CC196 /* MyPageCellModel.m in Sources */ = {isa = PBXBuildFile; fileRef = 8EB674F01F99F85D008CC196 /* MyPageCellModel.m */; };
/* End PBXBuildFile section */

/* Begin PBXFileReference section */
		8E2E40891F9459ED00B42477 /* BaseModel.h */ = {isa = PBXFileReference; fileEncoding = 4; lastKnownFileType = sourcecode.c.h; path = BaseModel.h; sourceTree = "<group>"; };
		8E2E408A1F9459ED00B42477 /* BaseModel.m */ = {isa = PBXFileReference; fileEncoding = 4; lastKnownFileType = sourcecode.c.objc; path = BaseModel.m; sourceTree = "<group>"; };
		8E2E408C1F9459F500B42477 /* BaseViewController.h */ = {isa = PBXFileReference; fileEncoding = 4; lastKnownFileType = sourcecode.c.h; path = BaseViewController.h; sourceTree = "<group>"; };
		8E2E408D1F9459F500B42477 /* BaseViewController.m */ = {isa = PBXFileReference; fileEncoding = 4; lastKnownFileType = sourcecode.c.objc; path = BaseViewController.m; sourceTree = "<group>"; };
		8E2E408F1F945A2E00B42477 /* NothingFooterCell.h */ = {isa = PBXFileReference; fileEncoding = 4; lastKnownFileType = sourcecode.c.h; path = NothingFooterCell.h; sourceTree = "<group>"; };
		8E2E40901F945A2E00B42477 /* NothingFooterCell.m */ = {isa = PBXFileReference; fileEncoding = 4; lastKnownFileType = sourcecode.c.objc; path = NothingFooterCell.m; sourceTree = "<group>"; };
		8E2E40911F945A2E00B42477 /* NothingFooterCell.xib */ = {isa = PBXFileReference; fileEncoding = 4; lastKnownFileType = file.xib; path = NothingFooterCell.xib; sourceTree = "<group>"; };
		8E2E40921F945A2E00B42477 /* NothingWarningView.h */ = {isa = PBXFileReference; fileEncoding = 4; lastKnownFileType = sourcecode.c.h; path = NothingWarningView.h; sourceTree = "<group>"; };
		8E2E40931F945A2E00B42477 /* NothingWarningView.m */ = {isa = PBXFileReference; fileEncoding = 4; lastKnownFileType = sourcecode.c.objc; path = NothingWarningView.m; sourceTree = "<group>"; };
		8E2E40941F945A2E00B42477 /* NothingWarningView.xib */ = {isa = PBXFileReference; fileEncoding = 4; lastKnownFileType = file.xib; path = NothingWarningView.xib; sourceTree = "<group>"; };
		8E2E40991F945AB700B42477 /* MainPageTableViewController.h */ = {isa = PBXFileReference; fileEncoding = 4; lastKnownFileType = sourcecode.c.h; path = MainPageTableViewController.h; sourceTree = "<group>"; };
		8E2E409A1F945AB700B42477 /* MainPageTableViewController.m */ = {isa = PBXFileReference; fileEncoding = 4; lastKnownFileType = sourcecode.c.objc; path = MainPageTableViewController.m; sourceTree = "<group>"; };
		8E2E409C1F9460B300B42477 /* SimpleButtonsTableViewCell.h */ = {isa = PBXFileReference; fileEncoding = 4; lastKnownFileType = sourcecode.c.h; path = SimpleButtonsTableViewCell.h; sourceTree = "<group>"; };
		8E2E409D1F9460B300B42477 /* SimpleButtonsTableViewCell.m */ = {isa = PBXFileReference; fileEncoding = 4; lastKnownFileType = sourcecode.c.objc; path = SimpleButtonsTableViewCell.m; sourceTree = "<group>"; };
		8E2E40A11F949C0C00B42477 /* ExhibitionLargeCardTableViewCell.h */ = {isa = PBXFileReference; fileEncoding = 4; lastKnownFileType = sourcecode.c.h; path = ExhibitionLargeCardTableViewCell.h; sourceTree = "<group>"; };
		8E2E40A21F949C0C00B42477 /* ExhibitionLargeCardTableViewCell.m */ = {isa = PBXFileReference; fileEncoding = 4; lastKnownFileType = sourcecode.c.objc; path = ExhibitionLargeCardTableViewCell.m; sourceTree = "<group>"; };
		8E2E40A31F949C0C00B42477 /* ExhibitionLargeCardTableViewCell.xib */ = {isa = PBXFileReference; fileEncoding = 4; lastKnownFileType = file.xib; path = ExhibitionLargeCardTableViewCell.xib; sourceTree = "<group>"; };
		8E2E40A61F94A46B00B42477 /* LinedTableViewCell.h */ = {isa = PBXFileReference; fileEncoding = 4; lastKnownFileType = sourcecode.c.h; path = LinedTableViewCell.h; sourceTree = "<group>"; };
		8E2E40A71F94A46B00B42477 /* LinedTableViewCell.m */ = {isa = PBXFileReference; fileEncoding = 4; lastKnownFileType = sourcecode.c.objc; path = LinedTableViewCell.m; sourceTree = "<group>"; };
		8E6C73F31F9D9280004B33D1 /* ImageTitleBarButtonItem.h */ = {isa = PBXFileReference; fileEncoding = 4; lastKnownFileType = sourcecode.c.h; path = ImageTitleBarButtonItem.h; sourceTree = "<group>"; };
		8E6C73F41F9D9280004B33D1 /* ImageTitleBarButtonItem.m */ = {isa = PBXFileReference; fileEncoding = 4; lastKnownFileType = sourcecode.c.objc; path = ImageTitleBarButtonItem.m; sourceTree = "<group>"; };
		8E6C73F71F9D99B6004B33D1 /* TitleTextFieldTableViewCell.h */ = {isa = PBXFileReference; fileEncoding = 4; lastKnownFileType = sourcecode.c.h; path = TitleTextFieldTableViewCell.h; sourceTree = "<group>"; };
		8E6C73F81F9D99B6004B33D1 /* TitleTextFieldTableViewCell.m */ = {isa = PBXFileReference; fileEncoding = 4; lastKnownFileType = sourcecode.c.objc; path = TitleTextFieldTableViewCell.m; sourceTree = "<group>"; };
		8E6C73F91F9D99B6004B33D1 /* TitleTextFieldTableViewCell.xib */ = {isa = PBXFileReference; fileEncoding = 4; lastKnownFileType = file.xib; path = TitleTextFieldTableViewCell.xib; sourceTree = "<group>"; };
		8E6C73FC1F9D9B18004B33D1 /* FormBaseTableViewCell.h */ = {isa = PBXFileReference; fileEncoding = 4; lastKnownFileType = sourcecode.c.h; path = FormBaseTableViewCell.h; sourceTree = "<group>"; };
		8E6C73FD1F9D9B18004B33D1 /* FormBaseTableViewCell.m */ = {isa = PBXFileReference; fileEncoding = 4; lastKnownFileType = sourcecode.c.objc; path = FormBaseTableViewCell.m; sourceTree = "<group>"; };
		8E6C73FF1F9D9CA0004B33D1 /* TitleSelectionHeaderTableViewCell.h */ = {isa = PBXFileReference; fileEncoding = 4; lastKnownFileType = sourcecode.c.h; path = TitleSelectionHeaderTableViewCell.h; sourceTree = "<group>"; };
		8E6C74001F9D9CA0004B33D1 /* TitleSelectionHeaderTableViewCell.m */ = {isa = PBXFileReference; fileEncoding = 4; lastKnownFileType = sourcecode.c.objc; path = TitleSelectionHeaderTableViewCell.m; sourceTree = "<group>"; };
		8E6C74011F9D9CA0004B33D1 /* TitleSelectionHeaderTableViewCell.xib */ = {isa = PBXFileReference; fileEncoding = 4; lastKnownFileType = file.xib; path = TitleSelectionHeaderTableViewCell.xib; sourceTree = "<group>"; };
		8E6C74041F9D9E4D004B33D1 /* TitleSelectionItemTableViewCell.h */ = {isa = PBXFileReference; fileEncoding = 4; lastKnownFileType = sourcecode.c.h; path = TitleSelectionItemTableViewCell.h; sourceTree = "<group>"; };
		8E6C74051F9D9E4D004B33D1 /* TitleSelectionItemTableViewCell.m */ = {isa = PBXFileReference; fileEncoding = 4; lastKnownFileType = sourcecode.c.objc; path = TitleSelectionItemTableViewCell.m; sourceTree = "<group>"; };
		8E6C74061F9D9E4D004B33D1 /* TitleSelectionItemTableViewCell.xib */ = {isa = PBXFileReference; fileEncoding = 4; lastKnownFileType = file.xib; path = TitleSelectionItemTableViewCell.xib; sourceTree = "<group>"; };
		8E6C74091F9D9FE6004B33D1 /* TitleTextViewTableViewCell.h */ = {isa = PBXFileReference; fileEncoding = 4; lastKnownFileType = sourcecode.c.h; path = TitleTextViewTableViewCell.h; sourceTree = "<group>"; };
		8E6C740A1F9D9FE6004B33D1 /* TitleTextViewTableViewCell.m */ = {isa = PBXFileReference; fileEncoding = 4; lastKnownFileType = sourcecode.c.objc; path = TitleTextViewTableViewCell.m; sourceTree = "<group>"; };
		8E6C740B1F9D9FE6004B33D1 /* TitleTextViewTableViewCell.xib */ = {isa = PBXFileReference; fileEncoding = 4; lastKnownFileType = file.xib; path = TitleTextViewTableViewCell.xib; sourceTree = "<group>"; };
		8E6C740E1F9DBD9E004B33D1 /* BaseFormTableViewController.h */ = {isa = PBXFileReference; fileEncoding = 4; lastKnownFileType = sourcecode.c.h; path = BaseFormTableViewController.h; sourceTree = "<group>"; };
		8E6C740F1F9DBD9E004B33D1 /* BaseFormTableViewController.m */ = {isa = PBXFileReference; fileEncoding = 4; lastKnownFileType = sourcecode.c.objc; path = BaseFormTableViewController.m; sourceTree = "<group>"; };
		8E6C74111F9DC0C4004B33D1 /* ZhuchangFormTableViewController.h */ = {isa = PBXFileReference; fileEncoding = 4; lastKnownFileType = sourcecode.c.h; path = ZhuchangFormTableViewController.h; sourceTree = "<group>"; };
		8E6C74121F9DC0C4004B33D1 /* ZhuchangFormTableViewController.m */ = {isa = PBXFileReference; fileEncoding = 4; lastKnownFileType = sourcecode.c.objc; path = ZhuchangFormTableViewController.m; sourceTree = "<group>"; };
		8E6C74161F9DD785004B33D1 /* ExhibitionListViewController.h */ = {isa = PBXFileReference; fileEncoding = 4; lastKnownFileType = sourcecode.c.h; path = ExhibitionListViewController.h; sourceTree = "<group>"; };
		8E6C74171F9DD785004B33D1 /* ExhibitionListViewController.m */ = {isa = PBXFileReference; fileEncoding = 4; lastKnownFileType = sourcecode.c.objc; path = ExhibitionListViewController.m; sourceTree = "<group>"; };
		8E6C741B1F9DF0E2004B33D1 /* OnlineRentTableViewController.h */ = {isa = PBXFileReference; fileEncoding = 4; lastKnownFileType = sourcecode.c.h; path = OnlineRentTableViewController.h; sourceTree = "<group>"; };
		8E6C741C1F9DF0E2004B33D1 /* OnlineRentTableViewController.m */ = {isa = PBXFileReference; fileEncoding = 4; lastKnownFileType = sourcecode.c.objc; path = OnlineRentTableViewController.m; sourceTree = "<group>"; };
		8E6C74231F9DF537004B33D1 /* MenuHeaderTableViewCell.h */ = {isa = PBXFileReference; fileEncoding = 4; lastKnownFileType = sourcecode.c.h; path = MenuHeaderTableViewCell.h; sourceTree = "<group>"; };
		8E6C74241F9DF537004B33D1 /* MenuHeaderTableViewCell.m */ = {isa = PBXFileReference; fileEncoding = 4; lastKnownFileType = sourcecode.c.objc; path = MenuHeaderTableViewCell.m; sourceTree = "<group>"; };
		8E6C74261F9ED49D004B33D1 /* SimpleTitleTableViewCell.h */ = {isa = PBXFileReference; fileEncoding = 4; lastKnownFileType = sourcecode.c.h; path = SimpleTitleTableViewCell.h; sourceTree = "<group>"; };
		8E6C74271F9ED49D004B33D1 /* SimpleTitleTableViewCell.m */ = {isa = PBXFileReference; fileEncoding = 4; lastKnownFileType = sourcecode.c.objc; path = SimpleTitleTableViewCell.m; sourceTree = "<group>"; };
		8E6C74281F9ED49D004B33D1 /* SimpleTitleTableViewCell.xib */ = {isa = PBXFileReference; fileEncoding = 4; lastKnownFileType = file.xib; path = SimpleTitleTableViewCell.xib; sourceTree = "<group>"; };
		8E6C742B1F9EDB68004B33D1 /* GoodsTableViewCell.h */ = {isa = PBXFileReference; fileEncoding = 4; lastKnownFileType = sourcecode.c.h; path = GoodsTableViewCell.h; sourceTree = "<group>"; };
		8E6C742C1F9EDB68004B33D1 /* GoodsTableViewCell.m */ = {isa = PBXFileReference; fileEncoding = 4; lastKnownFileType = sourcecode.c.objc; path = GoodsTableViewCell.m; sourceTree = "<group>"; };
		8E6C742D1F9EDB68004B33D1 /* GoodsTableViewCell.xib */ = {isa = PBXFileReference; fileEncoding = 4; lastKnownFileType = file.xib; path = GoodsTableViewCell.xib; sourceTree = "<group>"; };
		8E6C746B1F9F2B23004B33D1 /* PhotoSliderView.h */ = {isa = PBXFileReference; fileEncoding = 4; lastKnownFileType = sourcecode.c.h; path = PhotoSliderView.h; sourceTree = "<group>"; };
		8E6C746C1F9F2B23004B33D1 /* PhotoSliderView.m */ = {isa = PBXFileReference; fileEncoding = 4; lastKnownFileType = sourcecode.c.objc; path = PhotoSliderView.m; sourceTree = "<group>"; };
		8E6C746E1F9F3020004B33D1 /* ExhibitionExamplesViewController.h */ = {isa = PBXFileReference; fileEncoding = 4; lastKnownFileType = sourcecode.c.h; path = ExhibitionExamplesViewController.h; sourceTree = "<group>"; };
		8E6C746F1F9F3020004B33D1 /* ExhibitionExamplesViewController.m */ = {isa = PBXFileReference; fileEncoding = 4; lastKnownFileType = sourcecode.c.objc; path = ExhibitionExamplesViewController.m; sourceTree = "<group>"; };
		8E6C74711F9F333F004B33D1 /* ExhibitionLargeRectTableViewCell.h */ = {isa = PBXFileReference; fileEncoding = 4; lastKnownFileType = sourcecode.c.h; path = ExhibitionLargeRectTableViewCell.h; sourceTree = "<group>"; };
		8E6C74721F9F333F004B33D1 /* ExhibitionLargeRectTableViewCell.m */ = {isa = PBXFileReference; fileEncoding = 4; lastKnownFileType = sourcecode.c.objc; path = ExhibitionLargeRectTableViewCell.m; sourceTree = "<group>"; };
		8E6C74731F9F333F004B33D1 /* ExhibitionLargeRectTableViewCell.xib */ = {isa = PBXFileReference; fileEncoding = 4; lastKnownFileType = file.xib; path = ExhibitionLargeRectTableViewCell.xib; sourceTree = "<group>"; };
		8E6C74791F9F40CD004B33D1 /* ExhibitionPictureViewController.h */ = {isa = PBXFileReference; fileEncoding = 4; lastKnownFileType = sourcecode.c.h; path = ExhibitionPictureViewController.h; sourceTree = "<group>"; };
		8E6C747A1F9F40CD004B33D1 /* ExhibitionPictureViewController.m */ = {isa = PBXFileReference; fileEncoding = 4; lastKnownFileType = sourcecode.c.objc; path = ExhibitionPictureViewController.m; sourceTree = "<group>"; };
		8E6C747C1F9F42E8004B33D1 /* 0.jpg */ = {isa = PBXFileReference; lastKnownFileType = image.jpeg; path = 0.jpg; sourceTree = "<group>"; };
		8E6C747D1F9F42E8004B33D1 /* 1.jpg */ = {isa = PBXFileReference; lastKnownFileType = image.jpeg; path = 1.jpg; sourceTree = "<group>"; };
		8E6C747E1F9F42E8004B33D1 /* 2.jpg */ = {isa = PBXFileReference; lastKnownFileType = image.jpeg; path = 2.jpg; sourceTree = "<group>"; };
		8E6C747F1F9F42E8004B33D1 /* 3.jpg */ = {isa = PBXFileReference; lastKnownFileType = image.jpeg; path = 3.jpg; sourceTree = "<group>"; };
		8E6C74801F9F42E8004B33D1 /* 4.jpg */ = {isa = PBXFileReference; lastKnownFileType = image.jpeg; path = 4.jpg; sourceTree = "<group>"; };
		8E6C74871FA0243E004B33D1 /* TravellingRootViewController.h */ = {isa = PBXFileReference; fileEncoding = 4; lastKnownFileType = sourcecode.c.h; path = TravellingRootViewController.h; sourceTree = "<group>"; };
		8E6C74881FA0243E004B33D1 /* TravellingRootViewController.m */ = {isa = PBXFileReference; fileEncoding = 4; lastKnownFileType = sourcecode.c.objc; path = TravellingRootViewController.m; sourceTree = "<group>"; };
		8E6C748A1FA02495004B33D1 /* LargeImageBlackLabelTableViewCell.h */ = {isa = PBXFileReference; fileEncoding = 4; lastKnownFileType = sourcecode.c.h; path = LargeImageBlackLabelTableViewCell.h; sourceTree = "<group>"; };
		8E6C748B1FA02495004B33D1 /* LargeImageBlackLabelTableViewCell.m */ = {isa = PBXFileReference; fileEncoding = 4; lastKnownFileType = sourcecode.c.objc; path = LargeImageBlackLabelTableViewCell.m; sourceTree = "<group>"; };
		8E6C748C1FA02495004B33D1 /* LargeImageBlackLabelTableViewCell.xib */ = {isa = PBXFileReference; fileEncoding = 4; lastKnownFileType = file.xib; path = LargeImageBlackLabelTableViewCell.xib; sourceTree = "<group>"; };
		8E6C74901FA03E69004B33D1 /* ProductDetailTableViewCell.h */ = {isa = PBXFileReference; fileEncoding = 4; lastKnownFileType = sourcecode.c.h; path = ProductDetailTableViewCell.h; sourceTree = "<group>"; };
		8E6C74911FA03E69004B33D1 /* ProductDetailTableViewCell.m */ = {isa = PBXFileReference; fileEncoding = 4; lastKnownFileType = sourcecode.c.objc; path = ProductDetailTableViewCell.m; sourceTree = "<group>"; };
		8E6C74921FA03E69004B33D1 /* ProductDetailTableViewCell.xib */ = {isa = PBXFileReference; fileEncoding = 4; lastKnownFileType = file.xib; path = ProductDetailTableViewCell.xib; sourceTree = "<group>"; };
		8E6C74951FA03E9B004B33D1 /* ProductParameterTableViewCell.h */ = {isa = PBXFileReference; fileEncoding = 4; lastKnownFileType = sourcecode.c.h; path = ProductParameterTableViewCell.h; sourceTree = "<group>"; };
		8E6C74961FA03E9B004B33D1 /* ProductParameterTableViewCell.m */ = {isa = PBXFileReference; fileEncoding = 4; lastKnownFileType = sourcecode.c.objc; path = ProductParameterTableViewCell.m; sourceTree = "<group>"; };
		8E6C74971FA03E9B004B33D1 /* ProductParameterTableViewCell.xib */ = {isa = PBXFileReference; fileEncoding = 4; lastKnownFileType = file.xib; path = ProductParameterTableViewCell.xib; sourceTree = "<group>"; };
		8E6C749A1FA041C0004B33D1 /* ZZStepper.h */ = {isa = PBXFileReference; fileEncoding = 4; lastKnownFileType = sourcecode.c.h; path = ZZStepper.h; sourceTree = "<group>"; };
		8E6C749B1FA041C0004B33D1 /* ZZStepper.m */ = {isa = PBXFileReference; fileEncoding = 4; lastKnownFileType = sourcecode.c.objc; path = ZZStepper.m; sourceTree = "<group>"; };
		8E6C749D1FA0669D004B33D1 /* ProductDetailViewController.h */ = {isa = PBXFileReference; fileEncoding = 4; lastKnownFileType = sourcecode.c.h; path = ProductDetailViewController.h; sourceTree = "<group>"; };
		8E6C749E1FA0669D004B33D1 /* ProductDetailViewController.m */ = {isa = PBXFileReference; fileEncoding = 4; lastKnownFileType = sourcecode.c.objc; path = ProductDetailViewController.m; sourceTree = "<group>"; };
		8E6C74A01FA06B45004B33D1 /* OnlineRent.storyboard */ = {isa = PBXFileReference; fileEncoding = 4; lastKnownFileType = file.storyboard; path = OnlineRent.storyboard; sourceTree = "<group>"; };
		8E6C74A21FA06C05004B33D1 /* BaseToolBarTableViewController.h */ = {isa = PBXFileReference; fileEncoding = 4; lastKnownFileType = sourcecode.c.h; path = BaseToolBarTableViewController.h; sourceTree = "<group>"; };
		8E6C74A31FA06C05004B33D1 /* BaseToolBarTableViewController.m */ = {isa = PBXFileReference; fileEncoding = 4; lastKnownFileType = sourcecode.c.objc; path = BaseToolBarTableViewController.m; sourceTree = "<group>"; };
		8E6C74A51FA071B4004B33D1 /* RentCartEditTableViewCell.h */ = {isa = PBXFileReference; fileEncoding = 4; lastKnownFileType = sourcecode.c.h; path = RentCartEditTableViewCell.h; sourceTree = "<group>"; };
		8E6C74A61FA071B4004B33D1 /* RentCartEditTableViewCell.m */ = {isa = PBXFileReference; fileEncoding = 4; lastKnownFileType = sourcecode.c.objc; path = RentCartEditTableViewCell.m; sourceTree = "<group>"; };
		8E6C74A71FA071B4004B33D1 /* RentCartEditTableViewCell.xib */ = {isa = PBXFileReference; fileEncoding = 4; lastKnownFileType = file.xib; path = RentCartEditTableViewCell.xib; sourceTree = "<group>"; };
		8E6C74AA1FA08572004B33D1 /* RentCartViewController.h */ = {isa = PBXFileReference; fileEncoding = 4; lastKnownFileType = sourcecode.c.h; path = RentCartViewController.h; sourceTree = "<group>"; };
		8E6C74AB1FA08572004B33D1 /* RentCartViewController.m */ = {isa = PBXFileReference; fileEncoding = 4; lastKnownFileType = sourcecode.c.objc; path = RentCartViewController.m; sourceTree = "<group>"; };
		8E99A8CA1F90664D0078C452 /* zhanmao.app */ = {isa = PBXFileReference; explicitFileType = wrapper.application; includeInIndex = 0; path = zhanmao.app; sourceTree = BUILT_PRODUCTS_DIR; };
		8E99A8CE1F90664D0078C452 /* main.m */ = {isa = PBXFileReference; lastKnownFileType = sourcecode.c.objc; path = main.m; sourceTree = "<group>"; };
		8E99A8D01F90664D0078C452 /* AppDelegate.h */ = {isa = PBXFileReference; lastKnownFileType = sourcecode.c.h; path = AppDelegate.h; sourceTree = "<group>"; };
		8E99A8D11F90664D0078C452 /* AppDelegate.m */ = {isa = PBXFileReference; lastKnownFileType = sourcecode.c.objc; path = AppDelegate.m; sourceTree = "<group>"; };
		8E99A8D71F90664D0078C452 /* Base */ = {isa = PBXFileReference; lastKnownFileType = file.storyboard; name = Base; path = Base.lproj/Main.storyboard; sourceTree = "<group>"; };
		8E99A8D91F90664D0078C452 /* Assets.xcassets */ = {isa = PBXFileReference; lastKnownFileType = folder.assetcatalog; path = Assets.xcassets; sourceTree = "<group>"; };
		8E99A8DC1F90664D0078C452 /* Base */ = {isa = PBXFileReference; lastKnownFileType = file.storyboard; name = Base; path = Base.lproj/LaunchScreen.storyboard; sourceTree = "<group>"; };
		8E99A8DE1F90664D0078C452 /* Info.plist */ = {isa = PBXFileReference; lastKnownFileType = text.plist.xml; path = Info.plist; sourceTree = "<group>"; };
		8E99A91F1F9068910078C452 /* hhh.html */ = {isa = PBXFileReference; fileEncoding = 4; lastKnownFileType = text.html; path = hhh.html; sourceTree = "<group>"; };
		8E99A92A1F9068910078C452 /* ZZPagerController.h */ = {isa = PBXFileReference; fileEncoding = 4; lastKnownFileType = sourcecode.c.h; path = ZZPagerController.h; sourceTree = "<group>"; };
		8E99A92B1F9068910078C452 /* ZZPagerController.m */ = {isa = PBXFileReference; fileEncoding = 4; lastKnownFileType = sourcecode.c.objc; path = ZZPagerController.m; sourceTree = "<group>"; };
		8E99A92C1F9068910078C452 /* ZZSearchBar.h */ = {isa = PBXFileReference; fileEncoding = 4; lastKnownFileType = sourcecode.c.h; path = ZZSearchBar.h; sourceTree = "<group>"; };
		8E99A92D1F9068910078C452 /* ZZSearchBar.m */ = {isa = PBXFileReference; fileEncoding = 4; lastKnownFileType = sourcecode.c.objc; path = ZZSearchBar.m; sourceTree = "<group>"; };
		8E99A92F1F9068910078C452 /* NSDictionary+ext.h */ = {isa = PBXFileReference; fileEncoding = 4; lastKnownFileType = sourcecode.c.h; path = "NSDictionary+ext.h"; sourceTree = "<group>"; };
		8E99A9301F9068910078C452 /* NSDictionary+ext.m */ = {isa = PBXFileReference; fileEncoding = 4; lastKnownFileType = sourcecode.c.objc; path = "NSDictionary+ext.m"; sourceTree = "<group>"; };
		8E99A9311F9068910078C452 /* NSObject+SwizzleClasses.h */ = {isa = PBXFileReference; fileEncoding = 4; lastKnownFileType = sourcecode.c.h; path = "NSObject+SwizzleClasses.h"; sourceTree = "<group>"; };
		8E99A9321F9068910078C452 /* NSObject+SwizzleClasses.m */ = {isa = PBXFileReference; fileEncoding = 4; lastKnownFileType = sourcecode.c.objc; path = "NSObject+SwizzleClasses.m"; sourceTree = "<group>"; };
		8E99A9331F9068910078C452 /* NSString+ext.h */ = {isa = PBXFileReference; fileEncoding = 4; lastKnownFileType = sourcecode.c.h; path = "NSString+ext.h"; sourceTree = "<group>"; };
		8E99A9341F9068910078C452 /* NSString+ext.m */ = {isa = PBXFileReference; fileEncoding = 4; lastKnownFileType = sourcecode.c.objc; path = "NSString+ext.m"; sourceTree = "<group>"; };
		8E99A9351F9068910078C452 /* UIImage+ext.h */ = {isa = PBXFileReference; fileEncoding = 4; lastKnownFileType = sourcecode.c.h; path = "UIImage+ext.h"; sourceTree = "<group>"; };
		8E99A9361F9068910078C452 /* UIImage+ext.m */ = {isa = PBXFileReference; fileEncoding = 4; lastKnownFileType = sourcecode.c.objc; path = "UIImage+ext.m"; sourceTree = "<group>"; };
		8E99A9371F9068910078C452 /* UIView+ext.h */ = {isa = PBXFileReference; fileEncoding = 4; lastKnownFileType = sourcecode.c.h; path = "UIView+ext.h"; sourceTree = "<group>"; };
		8E99A9381F9068910078C452 /* UIView+ext.m */ = {isa = PBXFileReference; fileEncoding = 4; lastKnownFileType = sourcecode.c.objc; path = "UIView+ext.m"; sourceTree = "<group>"; };
		8E99A9DA1F9068920078C452 /* Foundation+Log.m */ = {isa = PBXFileReference; fileEncoding = 4; lastKnownFileType = sourcecode.c.objc; path = "Foundation+Log.m"; sourceTree = "<group>"; };
		8E99A9DB1F9068920078C452 /* JRSwizzle.h */ = {isa = PBXFileReference; fileEncoding = 4; lastKnownFileType = sourcecode.c.h; path = JRSwizzle.h; sourceTree = "<group>"; };
		8E99A9DC1F9068920078C452 /* JRSwizzle.m */ = {isa = PBXFileReference; fileEncoding = 4; lastKnownFileType = sourcecode.c.objc; path = JRSwizzle.m; sourceTree = "<group>"; };
		8E99A9DE1F9068920078C452 /* Checkmark.png */ = {isa = PBXFileReference; lastKnownFileType = image.png; path = Checkmark.png; sourceTree = "<group>"; };
		8E99A9DF1F9068920078C452 /* Checkmark@2x.png */ = {isa = PBXFileReference; lastKnownFileType = image.png; path = "Checkmark@2x.png"; sourceTree = "<group>"; };
		8E99A9E01F9068920078C452 /* Checkmark@3x.png */ = {isa = PBXFileReference; lastKnownFileType = image.png; path = "Checkmark@3x.png"; sourceTree = "<group>"; };
		8E99A9E11F9068920078C452 /* MBProgressHUD+ZZCustom.h */ = {isa = PBXFileReference; fileEncoding = 4; lastKnownFileType = sourcecode.c.h; path = "MBProgressHUD+ZZCustom.h"; sourceTree = "<group>"; };
		8E99A9E21F9068920078C452 /* MBProgressHUD+ZZCustom.m */ = {isa = PBXFileReference; fileEncoding = 4; lastKnownFileType = sourcecode.c.objc; path = "MBProgressHUD+ZZCustom.m"; sourceTree = "<group>"; };
		8E99A9E31F9068920078C452 /* MBProgressHUD.h */ = {isa = PBXFileReference; fileEncoding = 4; lastKnownFileType = sourcecode.c.h; path = MBProgressHUD.h; sourceTree = "<group>"; };
		8E99A9E41F9068920078C452 /* MBProgressHUD.m */ = {isa = PBXFileReference; fileEncoding = 4; lastKnownFileType = sourcecode.c.objc; path = MBProgressHUD.m; sourceTree = "<group>"; };
		8E99A9E61F9068920078C452 /* Reachability.h */ = {isa = PBXFileReference; fileEncoding = 4; lastKnownFileType = sourcecode.c.h; path = Reachability.h; sourceTree = "<group>"; };
		8E99A9E71F9068920078C452 /* Reachability.m */ = {isa = PBXFileReference; fileEncoding = 4; lastKnownFileType = sourcecode.c.objc; path = Reachability.m; sourceTree = "<group>"; };
		8E99A9E91F9068920078C452 /* MKAnnotationView+WebCache.h */ = {isa = PBXFileReference; fileEncoding = 4; lastKnownFileType = sourcecode.c.h; path = "MKAnnotationView+WebCache.h"; sourceTree = "<group>"; };
		8E99A9EA1F9068920078C452 /* MKAnnotationView+WebCache.m */ = {isa = PBXFileReference; fileEncoding = 4; lastKnownFileType = sourcecode.c.objc; path = "MKAnnotationView+WebCache.m"; sourceTree = "<group>"; };
		8E99A9EB1F9068920078C452 /* NSData+ImageContentType.h */ = {isa = PBXFileReference; fileEncoding = 4; lastKnownFileType = sourcecode.c.h; path = "NSData+ImageContentType.h"; sourceTree = "<group>"; };
		8E99A9EC1F9068920078C452 /* NSData+ImageContentType.m */ = {isa = PBXFileReference; fileEncoding = 4; lastKnownFileType = sourcecode.c.objc; path = "NSData+ImageContentType.m"; sourceTree = "<group>"; };
		8E99A9ED1F9068920078C452 /* NSImage+WebCache.h */ = {isa = PBXFileReference; fileEncoding = 4; lastKnownFileType = sourcecode.c.h; path = "NSImage+WebCache.h"; sourceTree = "<group>"; };
		8E99A9EE1F9068920078C452 /* NSImage+WebCache.m */ = {isa = PBXFileReference; fileEncoding = 4; lastKnownFileType = sourcecode.c.objc; path = "NSImage+WebCache.m"; sourceTree = "<group>"; };
		8E99A9EF1F9068920078C452 /* SDImageCache.h */ = {isa = PBXFileReference; fileEncoding = 4; lastKnownFileType = sourcecode.c.h; path = SDImageCache.h; sourceTree = "<group>"; };
		8E99A9F01F9068920078C452 /* SDImageCache.m */ = {isa = PBXFileReference; fileEncoding = 4; lastKnownFileType = sourcecode.c.objc; path = SDImageCache.m; sourceTree = "<group>"; };
		8E99A9F11F9068920078C452 /* SDImageCacheConfig.h */ = {isa = PBXFileReference; fileEncoding = 4; lastKnownFileType = sourcecode.c.h; path = SDImageCacheConfig.h; sourceTree = "<group>"; };
		8E99A9F21F9068920078C452 /* SDImageCacheConfig.m */ = {isa = PBXFileReference; fileEncoding = 4; lastKnownFileType = sourcecode.c.objc; path = SDImageCacheConfig.m; sourceTree = "<group>"; };
		8E99A9F31F9068920078C452 /* SDWebImageCompat.h */ = {isa = PBXFileReference; fileEncoding = 4; lastKnownFileType = sourcecode.c.h; path = SDWebImageCompat.h; sourceTree = "<group>"; };
		8E99A9F41F9068920078C452 /* SDWebImageCompat.m */ = {isa = PBXFileReference; fileEncoding = 4; lastKnownFileType = sourcecode.c.objc; path = SDWebImageCompat.m; sourceTree = "<group>"; };
		8E99A9F51F9068920078C452 /* SDWebImageDecoder.h */ = {isa = PBXFileReference; fileEncoding = 4; lastKnownFileType = sourcecode.c.h; path = SDWebImageDecoder.h; sourceTree = "<group>"; };
		8E99A9F61F9068920078C452 /* SDWebImageDecoder.m */ = {isa = PBXFileReference; fileEncoding = 4; lastKnownFileType = sourcecode.c.objc; path = SDWebImageDecoder.m; sourceTree = "<group>"; };
		8E99A9F71F9068920078C452 /* SDWebImageDownloader.h */ = {isa = PBXFileReference; fileEncoding = 4; lastKnownFileType = sourcecode.c.h; path = SDWebImageDownloader.h; sourceTree = "<group>"; };
		8E99A9F81F9068920078C452 /* SDWebImageDownloader.m */ = {isa = PBXFileReference; fileEncoding = 4; lastKnownFileType = sourcecode.c.objc; path = SDWebImageDownloader.m; sourceTree = "<group>"; };
		8E99A9F91F9068920078C452 /* SDWebImageDownloaderOperation.h */ = {isa = PBXFileReference; fileEncoding = 4; lastKnownFileType = sourcecode.c.h; path = SDWebImageDownloaderOperation.h; sourceTree = "<group>"; };
		8E99A9FA1F9068920078C452 /* SDWebImageDownloaderOperation.m */ = {isa = PBXFileReference; fileEncoding = 4; lastKnownFileType = sourcecode.c.objc; path = SDWebImageDownloaderOperation.m; sourceTree = "<group>"; };
		8E99A9FB1F9068920078C452 /* SDWebImageManager.h */ = {isa = PBXFileReference; fileEncoding = 4; lastKnownFileType = sourcecode.c.h; path = SDWebImageManager.h; sourceTree = "<group>"; };
		8E99A9FC1F9068920078C452 /* SDWebImageManager.m */ = {isa = PBXFileReference; fileEncoding = 4; lastKnownFileType = sourcecode.c.objc; path = SDWebImageManager.m; sourceTree = "<group>"; };
		8E99A9FD1F9068920078C452 /* SDWebImageOperation.h */ = {isa = PBXFileReference; fileEncoding = 4; lastKnownFileType = sourcecode.c.h; path = SDWebImageOperation.h; sourceTree = "<group>"; };
		8E99A9FE1F9068920078C452 /* SDWebImagePrefetcher.h */ = {isa = PBXFileReference; fileEncoding = 4; lastKnownFileType = sourcecode.c.h; path = SDWebImagePrefetcher.h; sourceTree = "<group>"; };
		8E99A9FF1F9068920078C452 /* SDWebImagePrefetcher.m */ = {isa = PBXFileReference; fileEncoding = 4; lastKnownFileType = sourcecode.c.objc; path = SDWebImagePrefetcher.m; sourceTree = "<group>"; };
		8E99AA001F9068920078C452 /* UIButton+WebCache.h */ = {isa = PBXFileReference; fileEncoding = 4; lastKnownFileType = sourcecode.c.h; path = "UIButton+WebCache.h"; sourceTree = "<group>"; };
		8E99AA011F9068920078C452 /* UIButton+WebCache.m */ = {isa = PBXFileReference; fileEncoding = 4; lastKnownFileType = sourcecode.c.objc; path = "UIButton+WebCache.m"; sourceTree = "<group>"; };
		8E99AA021F9068920078C452 /* UIImage+GIF.h */ = {isa = PBXFileReference; fileEncoding = 4; lastKnownFileType = sourcecode.c.h; path = "UIImage+GIF.h"; sourceTree = "<group>"; };
		8E99AA031F9068920078C452 /* UIImage+GIF.m */ = {isa = PBXFileReference; fileEncoding = 4; lastKnownFileType = sourcecode.c.objc; path = "UIImage+GIF.m"; sourceTree = "<group>"; };
		8E99AA041F9068920078C452 /* UIImage+MultiFormat.h */ = {isa = PBXFileReference; fileEncoding = 4; lastKnownFileType = sourcecode.c.h; path = "UIImage+MultiFormat.h"; sourceTree = "<group>"; };
		8E99AA051F9068920078C452 /* UIImage+MultiFormat.m */ = {isa = PBXFileReference; fileEncoding = 4; lastKnownFileType = sourcecode.c.objc; path = "UIImage+MultiFormat.m"; sourceTree = "<group>"; };
		8E99AA061F9068920078C452 /* UIImage+WebP.h */ = {isa = PBXFileReference; fileEncoding = 4; lastKnownFileType = sourcecode.c.h; path = "UIImage+WebP.h"; sourceTree = "<group>"; };
		8E99AA071F9068920078C452 /* UIImage+WebP.m */ = {isa = PBXFileReference; fileEncoding = 4; lastKnownFileType = sourcecode.c.objc; path = "UIImage+WebP.m"; sourceTree = "<group>"; };
		8E99AA081F9068920078C452 /* UIImageView+HighlightedWebCache.h */ = {isa = PBXFileReference; fileEncoding = 4; lastKnownFileType = sourcecode.c.h; path = "UIImageView+HighlightedWebCache.h"; sourceTree = "<group>"; };
		8E99AA091F9068920078C452 /* UIImageView+HighlightedWebCache.m */ = {isa = PBXFileReference; fileEncoding = 4; lastKnownFileType = sourcecode.c.objc; path = "UIImageView+HighlightedWebCache.m"; sourceTree = "<group>"; };
		8E99AA0A1F9068920078C452 /* UIImageView+WebCache.h */ = {isa = PBXFileReference; fileEncoding = 4; lastKnownFileType = sourcecode.c.h; path = "UIImageView+WebCache.h"; sourceTree = "<group>"; };
		8E99AA0B1F9068920078C452 /* UIImageView+WebCache.m */ = {isa = PBXFileReference; fileEncoding = 4; lastKnownFileType = sourcecode.c.objc; path = "UIImageView+WebCache.m"; sourceTree = "<group>"; };
		8E99AA0C1F9068920078C452 /* UIView+WebCache.h */ = {isa = PBXFileReference; fileEncoding = 4; lastKnownFileType = sourcecode.c.h; path = "UIView+WebCache.h"; sourceTree = "<group>"; };
		8E99AA0D1F9068920078C452 /* UIView+WebCache.m */ = {isa = PBXFileReference; fileEncoding = 4; lastKnownFileType = sourcecode.c.objc; path = "UIView+WebCache.m"; sourceTree = "<group>"; };
		8E99AA0E1F9068920078C452 /* UIView+WebCacheOperation.h */ = {isa = PBXFileReference; fileEncoding = 4; lastKnownFileType = sourcecode.c.h; path = "UIView+WebCacheOperation.h"; sourceTree = "<group>"; };
		8E99AA0F1F9068920078C452 /* UIView+WebCacheOperation.m */ = {isa = PBXFileReference; fileEncoding = 4; lastKnownFileType = sourcecode.c.objc; path = "UIView+WebCacheOperation.m"; sourceTree = "<group>"; };
		8E99AA181F9068920078C452 /* ZZHttpTool.h */ = {isa = PBXFileReference; fileEncoding = 4; lastKnownFileType = sourcecode.c.h; path = ZZHttpTool.h; sourceTree = "<group>"; };
		8E99AA191F9068920078C452 /* ZZHttpTool.m */ = {isa = PBXFileReference; fileEncoding = 4; lastKnownFileType = sourcecode.c.objc; path = ZZHttpTool.m; sourceTree = "<group>"; };
		8E99AA1E1F9068920078C452 /* ZZUrlTool.h */ = {isa = PBXFileReference; fileEncoding = 4; lastKnownFileType = sourcecode.c.h; path = ZZUrlTool.h; sourceTree = "<group>"; };
		8E99AA1F1F9068920078C452 /* ZZUrlTool.m */ = {isa = PBXFileReference; fileEncoding = 4; lastKnownFileType = sourcecode.c.objc; path = ZZUrlTool.m; sourceTree = "<group>"; };
		8E99AABE1F9069700078C452 /* PrefixHeader.pch */ = {isa = PBXFileReference; fileEncoding = 4; lastKnownFileType = sourcecode.c.h; path = PrefixHeader.pch; sourceTree = "<group>"; };
		8E99AABF1F9069AC0078C452 /* NaviController.h */ = {isa = PBXFileReference; fileEncoding = 4; lastKnownFileType = sourcecode.c.h; path = NaviController.h; sourceTree = "<group>"; };
		8E99AAC01F9069AC0078C452 /* NaviController.m */ = {isa = PBXFileReference; fileEncoding = 4; lastKnownFileType = sourcecode.c.objc; path = NaviController.m; sourceTree = "<group>"; };
		8E99AAC11F9069AC0078C452 /* TabbarController.h */ = {isa = PBXFileReference; fileEncoding = 4; lastKnownFileType = sourcecode.c.h; path = TabbarController.h; sourceTree = "<group>"; };
		8E99AAC21F9069AC0078C452 /* TabbarController.m */ = {isa = PBXFileReference; fileEncoding = 4; lastKnownFileType = sourcecode.c.objc; path = TabbarController.m; sourceTree = "<group>"; };
		8E99AAC51F906B190078C452 /* ZZnotificationName.h */ = {isa = PBXFileReference; fileEncoding = 4; lastKnownFileType = sourcecode.c.h; path = ZZnotificationName.h; sourceTree = "<group>"; };
		8E99AAC61F906B190078C452 /* ZZnotificationName.m */ = {isa = PBXFileReference; fileEncoding = 4; lastKnownFileType = sourcecode.c.objc; path = ZZnotificationName.m; sourceTree = "<group>"; };
		8E99AAC81F906E660078C452 /* AdvertiseView.h */ = {isa = PBXFileReference; fileEncoding = 4; lastKnownFileType = sourcecode.c.h; path = AdvertiseView.h; sourceTree = "<group>"; };
		8E99AAC91F906E660078C452 /* AdvertiseView.m */ = {isa = PBXFileReference; fileEncoding = 4; lastKnownFileType = sourcecode.c.objc; path = AdvertiseView.m; sourceTree = "<group>"; };
		8EB674BB1F973818008CC196 /* BaseCollectionViewController.h */ = {isa = PBXFileReference; fileEncoding = 4; lastKnownFileType = sourcecode.c.h; path = BaseCollectionViewController.h; sourceTree = "<group>"; };
		8EB674BC1F973818008CC196 /* BaseCollectionViewController.m */ = {isa = PBXFileReference; fileEncoding = 4; lastKnownFileType = sourcecode.c.objc; path = BaseCollectionViewController.m; sourceTree = "<group>"; };
		8EB674BD1F973818008CC196 /* BaseLoadMoreFooterView.h */ = {isa = PBXFileReference; fileEncoding = 4; lastKnownFileType = sourcecode.c.h; path = BaseLoadMoreFooterView.h; sourceTree = "<group>"; };
		8EB674BE1F973818008CC196 /* BaseLoadMoreFooterView.m */ = {isa = PBXFileReference; fileEncoding = 4; lastKnownFileType = sourcecode.c.objc; path = BaseLoadMoreFooterView.m; sourceTree = "<group>"; };
		8EB674BF1F973818008CC196 /* BaseTableViewController.h */ = {isa = PBXFileReference; fileEncoding = 4; lastKnownFileType = sourcecode.c.h; path = BaseTableViewController.h; sourceTree = "<group>"; };
		8EB674C01F973818008CC196 /* BaseTableViewController.m */ = {isa = PBXFileReference; fileEncoding = 4; lastKnownFileType = sourcecode.c.objc; path = BaseTableViewController.m; sourceTree = "<group>"; };
		8EB674C41F973CE8008CC196 /* a.png */ = {isa = PBXFileReference; lastKnownFileType = image.png; path = a.png; sourceTree = "<group>"; };
		8EB674C61F97416B008CC196 /* MessageSmallTableViewCell.h */ = {isa = PBXFileReference; fileEncoding = 4; lastKnownFileType = sourcecode.c.h; path = MessageSmallTableViewCell.h; sourceTree = "<group>"; };
		8EB674C71F97416B008CC196 /* MessageSmallTableViewCell.m */ = {isa = PBXFileReference; fileEncoding = 4; lastKnownFileType = sourcecode.c.objc; path = MessageSmallTableViewCell.m; sourceTree = "<group>"; };
		8EB674C81F97416B008CC196 /* MessageSmallTableViewCell.xib */ = {isa = PBXFileReference; fileEncoding = 4; lastKnownFileType = file.xib; path = MessageSmallTableViewCell.xib; sourceTree = "<group>"; };
		8EB674CB1F974214008CC196 /* SimpleHeaderTableViewCell.h */ = {isa = PBXFileReference; fileEncoding = 4; lastKnownFileType = sourcecode.c.h; path = SimpleHeaderTableViewCell.h; sourceTree = "<group>"; };
		8EB674CC1F974214008CC196 /* SimpleHeaderTableViewCell.m */ = {isa = PBXFileReference; fileEncoding = 4; lastKnownFileType = sourcecode.c.objc; path = SimpleHeaderTableViewCell.m; sourceTree = "<group>"; };
		8EB674CD1F974214008CC196 /* SimpleHeaderTableViewCell.xib */ = {isa = PBXFileReference; fileEncoding = 4; lastKnownFileType = file.xib; path = SimpleHeaderTableViewCell.xib; sourceTree = "<group>"; };
		8EB674D01F99A991008CC196 /* MainPageHeaderTableViewCell.h */ = {isa = PBXFileReference; fileEncoding = 4; lastKnownFileType = sourcecode.c.h; path = MainPageHeaderTableViewCell.h; sourceTree = "<group>"; };
		8EB674D11F99A991008CC196 /* MainPageHeaderTableViewCell.m */ = {isa = PBXFileReference; fileEncoding = 4; lastKnownFileType = sourcecode.c.objc; path = MainPageHeaderTableViewCell.m; sourceTree = "<group>"; };
		8EB674D21F99A991008CC196 /* MainPageHeaderTableViewCell.xib */ = {isa = PBXFileReference; fileEncoding = 4; lastKnownFileType = file.xib; path = MainPageHeaderTableViewCell.xib; sourceTree = "<group>"; };
		8EB674D61F99D003008CC196 /* CorneredImageView.h */ = {isa = PBXFileReference; fileEncoding = 4; lastKnownFileType = sourcecode.c.h; path = CorneredImageView.h; sourceTree = "<group>"; };
		8EB674D71F99D003008CC196 /* CorneredImageView.m */ = {isa = PBXFileReference; fileEncoding = 4; lastKnownFileType = sourcecode.c.objc; path = CorneredImageView.m; sourceTree = "<group>"; };
		8EB674DE1F99E83F008CC196 /* MainPage.storyboard */ = {isa = PBXFileReference; fileEncoding = 4; lastKnownFileType = file.storyboard; path = MainPage.storyboard; sourceTree = "<group>"; };
		8EB674E11F99E9EA008CC196 /* MyPageTableViewController.h */ = {isa = PBXFileReference; fileEncoding = 4; lastKnownFileType = sourcecode.c.h; path = MyPageTableViewController.h; sourceTree = "<group>"; };
		8EB674E21F99E9EA008CC196 /* MyPageTableViewController.m */ = {isa = PBXFileReference; fileEncoding = 4; lastKnownFileType = sourcecode.c.objc; path = MyPageTableViewController.m; sourceTree = "<group>"; };
		8EB674E41F99EB35008CC196 /* MyPageHeaderTableViewCell.h */ = {isa = PBXFileReference; fileEncoding = 4; lastKnownFileType = sourcecode.c.h; path = MyPageHeaderTableViewCell.h; sourceTree = "<group>"; };
		8EB674E51F99EB35008CC196 /* MyPageHeaderTableViewCell.xib */ = {isa = PBXFileReference; fileEncoding = 4; lastKnownFileType = file.xib; path = MyPageHeaderTableViewCell.xib; sourceTree = "<group>"; };
		8EB674E61F99EB35008CC196 /* MyPageHeaderTableViewCell.m */ = {isa = PBXFileReference; fileEncoding = 4; lastKnownFileType = sourcecode.c.objc; path = MyPageHeaderTableViewCell.m; sourceTree = "<group>"; };
		8EB674EA1F99F523008CC196 /* MyPageSimpleTableViewCell.h */ = {isa = PBXFileReference; fileEncoding = 4; lastKnownFileType = sourcecode.c.h; path = MyPageSimpleTableViewCell.h; sourceTree = "<group>"; };
		8EB674EB1F99F523008CC196 /* MyPageSimpleTableViewCell.m */ = {isa = PBXFileReference; fileEncoding = 4; lastKnownFileType = sourcecode.c.objc; path = MyPageSimpleTableViewCell.m; sourceTree = "<group>"; };
		8EB674EC1F99F523008CC196 /* MyPageSimpleTableViewCell.xib */ = {isa = PBXFileReference; fileEncoding = 4; lastKnownFileType = file.xib; path = MyPageSimpleTableViewCell.xib; sourceTree = "<group>"; };
		8EB674EF1F99F85D008CC196 /* MyPageCellModel.h */ = {isa = PBXFileReference; fileEncoding = 4; lastKnownFileType = sourcecode.c.h; path = MyPageCellModel.h; sourceTree = "<group>"; };
		8EB674F01F99F85D008CC196 /* MyPageCellModel.m */ = {isa = PBXFileReference; fileEncoding = 4; lastKnownFileType = sourcecode.c.objc; path = MyPageCellModel.m; sourceTree = "<group>"; };
/* End PBXFileReference section */

/* Begin PBXFrameworksBuildPhase section */
		8E99A8C71F90664D0078C452 /* Frameworks */ = {
			isa = PBXFrameworksBuildPhase;
			buildActionMask = 2147483647;
			files = (
			);
			runOnlyForDeploymentPostprocessing = 0;
		};
/* End PBXFrameworksBuildPhase section */

/* Begin PBXGroup section */
		8E2E40821F94597B00B42477 /* mainPage */ = {
			isa = PBXGroup;
			children = (
				8E6C74151F9DD6FF004B33D1 /* zhuchang */,
				8EB674D51F99CB76008CC196 /* views */,
				8EB674C41F973CE8008CC196 /* a.png */,
				8E2E40991F945AB700B42477 /* MainPageTableViewController.h */,
				8E2E409A1F945AB700B42477 /* MainPageTableViewController.m */,
				8EB674DE1F99E83F008CC196 /* MainPage.storyboard */,
			);
			path = mainPage;
			sourceTree = "<group>";
		};
		8E6C73F61F9D9983004B33D1 /* formsTableViewCells */ = {
			isa = PBXGroup;
			children = (
				8E6C74141F9DD2E3004B33D1 /* cells */,
				8E6C740E1F9DBD9E004B33D1 /* BaseFormTableViewController.h */,
				8E6C740F1F9DBD9E004B33D1 /* BaseFormTableViewController.m */,
			);
			path = formsTableViewCells;
			sourceTree = "<group>";
		};
		8E6C74141F9DD2E3004B33D1 /* cells */ = {
			isa = PBXGroup;
			children = (
				8E6C73FC1F9D9B18004B33D1 /* FormBaseTableViewCell.h */,
				8E6C73FD1F9D9B18004B33D1 /* FormBaseTableViewCell.m */,
				8E6C73F71F9D99B6004B33D1 /* TitleTextFieldTableViewCell.h */,
				8E6C73F81F9D99B6004B33D1 /* TitleTextFieldTableViewCell.m */,
				8E6C73F91F9D99B6004B33D1 /* TitleTextFieldTableViewCell.xib */,
				8E6C73FF1F9D9CA0004B33D1 /* TitleSelectionHeaderTableViewCell.h */,
				8E6C74001F9D9CA0004B33D1 /* TitleSelectionHeaderTableViewCell.m */,
				8E6C74011F9D9CA0004B33D1 /* TitleSelectionHeaderTableViewCell.xib */,
				8E6C74041F9D9E4D004B33D1 /* TitleSelectionItemTableViewCell.h */,
				8E6C74051F9D9E4D004B33D1 /* TitleSelectionItemTableViewCell.m */,
				8E6C74061F9D9E4D004B33D1 /* TitleSelectionItemTableViewCell.xib */,
				8E6C74091F9D9FE6004B33D1 /* TitleTextViewTableViewCell.h */,
				8E6C740A1F9D9FE6004B33D1 /* TitleTextViewTableViewCell.m */,
				8E6C740B1F9D9FE6004B33D1 /* TitleTextViewTableViewCell.xib */,
			);
			name = cells;
			sourceTree = "<group>";
		};
		8E6C74151F9DD6FF004B33D1 /* zhuchang */ = {
			isa = PBXGroup;
			children = (
				8E6C747C1F9F42E8004B33D1 /* 0.jpg */,
				8E6C747D1F9F42E8004B33D1 /* 1.jpg */,
				8E6C747E1F9F42E8004B33D1 /* 2.jpg */,
				8E6C747F1F9F42E8004B33D1 /* 3.jpg */,
				8E6C74801F9F42E8004B33D1 /* 4.jpg */,
				8E6C74111F9DC0C4004B33D1 /* ZhuchangFormTableViewController.h */,
				8E6C74121F9DC0C4004B33D1 /* ZhuchangFormTableViewController.m */,
				8E6C74161F9DD785004B33D1 /* ExhibitionListViewController.h */,
				8E6C74171F9DD785004B33D1 /* ExhibitionListViewController.m */,
				8E6C746E1F9F3020004B33D1 /* ExhibitionExamplesViewController.h */,
				8E6C746F1F9F3020004B33D1 /* ExhibitionExamplesViewController.m */,
				8E6C74791F9F40CD004B33D1 /* ExhibitionPictureViewController.h */,
				8E6C747A1F9F40CD004B33D1 /* ExhibitionPictureViewController.m */,
			);
			name = zhuchang;
			sourceTree = "<group>";
		};
		8E6C74191F9DEFE8004B33D1 /* onlineRent */ = {
			isa = PBXGroup;
			children = (
				8E6C741A1F9DF025004B33D1 /* view */,
				8E6C74A01FA06B45004B33D1 /* OnlineRent.storyboard */,
				8E6C741B1F9DF0E2004B33D1 /* OnlineRentTableViewController.h */,
				8E6C741C1F9DF0E2004B33D1 /* OnlineRentTableViewController.m */,
				8E6C749D1FA0669D004B33D1 /* ProductDetailViewController.h */,
				8E6C749E1FA0669D004B33D1 /* ProductDetailViewController.m */,
				8E6C74AA1FA08572004B33D1 /* RentCartViewController.h */,
				8E6C74AB1FA08572004B33D1 /* RentCartViewController.m */,
			);
			path = onlineRent;
			sourceTree = "<group>";
		};
		8E6C741A1F9DF025004B33D1 /* view */ = {
			isa = PBXGroup;
			children = (
				8E6C74231F9DF537004B33D1 /* MenuHeaderTableViewCell.h */,
				8E6C74241F9DF537004B33D1 /* MenuHeaderTableViewCell.m */,
				8E6C74261F9ED49D004B33D1 /* SimpleTitleTableViewCell.h */,
				8E6C74271F9ED49D004B33D1 /* SimpleTitleTableViewCell.m */,
				8E6C74281F9ED49D004B33D1 /* SimpleTitleTableViewCell.xib */,
				8E6C742B1F9EDB68004B33D1 /* GoodsTableViewCell.h */,
				8E6C742C1F9EDB68004B33D1 /* GoodsTableViewCell.m */,
				8E6C742D1F9EDB68004B33D1 /* GoodsTableViewCell.xib */,
				8E6C74901FA03E69004B33D1 /* ProductDetailTableViewCell.h */,
				8E6C74911FA03E69004B33D1 /* ProductDetailTableViewCell.m */,
				8E6C74921FA03E69004B33D1 /* ProductDetailTableViewCell.xib */,
				8E6C74951FA03E9B004B33D1 /* ProductParameterTableViewCell.h */,
				8E6C74961FA03E9B004B33D1 /* ProductParameterTableViewCell.m */,
				8E6C74971FA03E9B004B33D1 /* ProductParameterTableViewCell.xib */,
				8E6C74A51FA071B4004B33D1 /* RentCartEditTableViewCell.h */,
				8E6C74A61FA071B4004B33D1 /* RentCartEditTableViewCell.m */,
				8E6C74A71FA071B4004B33D1 /* RentCartEditTableViewCell.xib */,
			);
			name = view;
			sourceTree = "<group>";
		};
		8E6C74861FA023C2004B33D1 /* travelling */ = {
			isa = PBXGroup;
			children = (
				8E6C748F1FA02499004B33D1 /* views */,
				8E6C74871FA0243E004B33D1 /* TravellingRootViewController.h */,
				8E6C74881FA0243E004B33D1 /* TravellingRootViewController.m */,
			);
			path = travelling;
			sourceTree = "<group>";
		};
		8E6C748F1FA02499004B33D1 /* views */ = {
			isa = PBXGroup;
			children = (
				8E6C748A1FA02495004B33D1 /* LargeImageBlackLabelTableViewCell.h */,
				8E6C748B1FA02495004B33D1 /* LargeImageBlackLabelTableViewCell.m */,
				8E6C748C1FA02495004B33D1 /* LargeImageBlackLabelTableViewCell.xib */,
			);
			name = views;
			sourceTree = "<group>";
		};
		8E99A8C11F90664D0078C452 = {
			isa = PBXGroup;
			children = (
				8E99A8CC1F90664D0078C452 /* zhanmao */,
				8E99A8CB1F90664D0078C452 /* Products */,
			);
			sourceTree = "<group>";
		};
		8E99A8CB1F90664D0078C452 /* Products */ = {
			isa = PBXGroup;
			children = (
				8E99A8CA1F90664D0078C452 /* zhanmao.app */,
			);
			name = Products;
			sourceTree = "<group>";
		};
		8E99A8CC1F90664D0078C452 /* zhanmao */ = {
			isa = PBXGroup;
			children = (
				8E99AABE1F9069700078C452 /* PrefixHeader.pch */,
				8E99A8E41F9068910078C452 /* classes */,
				8E99A8D01F90664D0078C452 /* AppDelegate.h */,
				8E99A8D11F90664D0078C452 /* AppDelegate.m */,
				8E99A8D61F90664D0078C452 /* Main.storyboard */,
				8E99A8D91F90664D0078C452 /* Assets.xcassets */,
				8E99A8DB1F90664D0078C452 /* LaunchScreen.storyboard */,
				8E99A8DE1F90664D0078C452 /* Info.plist */,
				8E99A8CD1F90664D0078C452 /* Supporting Files */,
			);
			path = zhanmao;
			sourceTree = "<group>";
		};
		8E99A8CD1F90664D0078C452 /* Supporting Files */ = {
			isa = PBXGroup;
			children = (
				8E99A8CE1F90664D0078C452 /* main.m */,
			);
			name = "Supporting Files";
			sourceTree = "<group>";
		};
		8E99A8E41F9068910078C452 /* classes */ = {
			isa = PBXGroup;
			children = (
				8E6C73F61F9D9983004B33D1 /* formsTableViewCells */,
				8E2E40821F94597B00B42477 /* mainPage */,
				8E6C74191F9DEFE8004B33D1 /* onlineRent */,
				8E6C74861FA023C2004B33D1 /* travelling */,
				8EB674E01F99E9C8008CC196 /* myPage */,
				8E99A8E51F9068910078C452 /* base */,
				8E99A9151F9068910078C452 /* custom */,
				8E99A92E1F9068910078C452 /* ext */,
				8E99A9D51F9068920078C452 /* tool */,
			);
			path = classes;
			sourceTree = "<group>";
		};
		8E99A8E51F9068910078C452 /* base */ = {
			isa = PBXGroup;
			children = (
				8EB674BB1F973818008CC196 /* BaseCollectionViewController.h */,
				8EB674BC1F973818008CC196 /* BaseCollectionViewController.m */,
				8EB674BD1F973818008CC196 /* BaseLoadMoreFooterView.h */,
				8EB674BE1F973818008CC196 /* BaseLoadMoreFooterView.m */,
				8EB674BF1F973818008CC196 /* BaseTableViewController.h */,
				8EB674C01F973818008CC196 /* BaseTableViewController.m */,
				8E6C74A21FA06C05004B33D1 /* BaseToolBarTableViewController.h */,
				8E6C74A31FA06C05004B33D1 /* BaseToolBarTableViewController.m */,
				8E2E408C1F9459F500B42477 /* BaseViewController.h */,
				8E2E408D1F9459F500B42477 /* BaseViewController.m */,
				8E2E40891F9459ED00B42477 /* BaseModel.h */,
				8E2E408A1F9459ED00B42477 /* BaseModel.m */,
				8E99AABF1F9069AC0078C452 /* NaviController.h */,
				8E99AAC01F9069AC0078C452 /* NaviController.m */,
				8E99AAC11F9069AC0078C452 /* TabbarController.h */,
				8E99AAC21F9069AC0078C452 /* TabbarController.m */,
				8E2E40A61F94A46B00B42477 /* LinedTableViewCell.h */,
				8E2E40A71F94A46B00B42477 /* LinedTableViewCell.m */,
			);
			path = base;
			sourceTree = "<group>";
		};
		8E99A9151F9068910078C452 /* custom */ = {
			isa = PBXGroup;
			children = (
				8E2E408F1F945A2E00B42477 /* NothingFooterCell.h */,
				8E2E40901F945A2E00B42477 /* NothingFooterCell.m */,
				8E2E40911F945A2E00B42477 /* NothingFooterCell.xib */,
				8E2E40921F945A2E00B42477 /* NothingWarningView.h */,
				8E2E40931F945A2E00B42477 /* NothingWarningView.m */,
				8E2E40941F945A2E00B42477 /* NothingWarningView.xib */,
				8E99AAC81F906E660078C452 /* AdvertiseView.h */,
				8E99AAC91F906E660078C452 /* AdvertiseView.m */,
				8E99A91F1F9068910078C452 /* hhh.html */,
				8E99A92A1F9068910078C452 /* ZZPagerController.h */,
				8E99A92B1F9068910078C452 /* ZZPagerController.m */,
				8E99A92C1F9068910078C452 /* ZZSearchBar.h */,
				8E99A92D1F9068910078C452 /* ZZSearchBar.m */,
				8EB674D61F99D003008CC196 /* CorneredImageView.h */,
				8EB674D71F99D003008CC196 /* CorneredImageView.m */,
				8E6C746B1F9F2B23004B33D1 /* PhotoSliderView.h */,
				8E6C746C1F9F2B23004B33D1 /* PhotoSliderView.m */,
				8E6C73F31F9D9280004B33D1 /* ImageTitleBarButtonItem.h */,
				8E6C73F41F9D9280004B33D1 /* ImageTitleBarButtonItem.m */,
				8E6C749A1FA041C0004B33D1 /* ZZStepper.h */,
				8E6C749B1FA041C0004B33D1 /* ZZStepper.m */,
			);
			path = custom;
			sourceTree = "<group>";
		};
		8E99A92E1F9068910078C452 /* ext */ = {
			isa = PBXGroup;
			children = (
				8E99A92F1F9068910078C452 /* NSDictionary+ext.h */,
				8E99A9301F9068910078C452 /* NSDictionary+ext.m */,
				8E99A9311F9068910078C452 /* NSObject+SwizzleClasses.h */,
				8E99A9321F9068910078C452 /* NSObject+SwizzleClasses.m */,
				8E99A9331F9068910078C452 /* NSString+ext.h */,
				8E99A9341F9068910078C452 /* NSString+ext.m */,
				8E99A9351F9068910078C452 /* UIImage+ext.h */,
				8E99A9361F9068910078C452 /* UIImage+ext.m */,
				8E99A9371F9068910078C452 /* UIView+ext.h */,
				8E99A9381F9068910078C452 /* UIView+ext.m */,
			);
			path = ext;
			sourceTree = "<group>";
		};
		8E99A9D51F9068920078C452 /* tool */ = {
			isa = PBXGroup;
			children = (
				8E99A9DA1F9068920078C452 /* Foundation+Log.m */,
				8E99AAC51F906B190078C452 /* ZZnotificationName.h */,
				8E99AAC61F906B190078C452 /* ZZnotificationName.m */,
				8E99A9DB1F9068920078C452 /* JRSwizzle.h */,
				8E99A9DC1F9068920078C452 /* JRSwizzle.m */,
				8E99A9DD1F9068920078C452 /* MBProgressHUD */,
				8E99A9E51F9068920078C452 /* Reachability */,
				8E99A9E81F9068920078C452 /* SDWebImage */,
				8E99AA181F9068920078C452 /* ZZHttpTool.h */,
				8E99AA191F9068920078C452 /* ZZHttpTool.m */,
				8E99AA1E1F9068920078C452 /* ZZUrlTool.h */,
				8E99AA1F1F9068920078C452 /* ZZUrlTool.m */,
			);
			path = tool;
			sourceTree = "<group>";
		};
		8E99A9DD1F9068920078C452 /* MBProgressHUD */ = {
			isa = PBXGroup;
			children = (
				8E99A9DE1F9068920078C452 /* Checkmark.png */,
				8E99A9DF1F9068920078C452 /* Checkmark@2x.png */,
				8E99A9E01F9068920078C452 /* Checkmark@3x.png */,
				8E99A9E11F9068920078C452 /* MBProgressHUD+ZZCustom.h */,
				8E99A9E21F9068920078C452 /* MBProgressHUD+ZZCustom.m */,
				8E99A9E31F9068920078C452 /* MBProgressHUD.h */,
				8E99A9E41F9068920078C452 /* MBProgressHUD.m */,
			);
			path = MBProgressHUD;
			sourceTree = "<group>";
		};
		8E99A9E51F9068920078C452 /* Reachability */ = {
			isa = PBXGroup;
			children = (
				8E99A9E61F9068920078C452 /* Reachability.h */,
				8E99A9E71F9068920078C452 /* Reachability.m */,
			);
			path = Reachability;
			sourceTree = "<group>";
		};
		8E99A9E81F9068920078C452 /* SDWebImage */ = {
			isa = PBXGroup;
			children = (
				8E99A9E91F9068920078C452 /* MKAnnotationView+WebCache.h */,
				8E99A9EA1F9068920078C452 /* MKAnnotationView+WebCache.m */,
				8E99A9EB1F9068920078C452 /* NSData+ImageContentType.h */,
				8E99A9EC1F9068920078C452 /* NSData+ImageContentType.m */,
				8E99A9ED1F9068920078C452 /* NSImage+WebCache.h */,
				8E99A9EE1F9068920078C452 /* NSImage+WebCache.m */,
				8E99A9EF1F9068920078C452 /* SDImageCache.h */,
				8E99A9F01F9068920078C452 /* SDImageCache.m */,
				8E99A9F11F9068920078C452 /* SDImageCacheConfig.h */,
				8E99A9F21F9068920078C452 /* SDImageCacheConfig.m */,
				8E99A9F31F9068920078C452 /* SDWebImageCompat.h */,
				8E99A9F41F9068920078C452 /* SDWebImageCompat.m */,
				8E99A9F51F9068920078C452 /* SDWebImageDecoder.h */,
				8E99A9F61F9068920078C452 /* SDWebImageDecoder.m */,
				8E99A9F71F9068920078C452 /* SDWebImageDownloader.h */,
				8E99A9F81F9068920078C452 /* SDWebImageDownloader.m */,
				8E99A9F91F9068920078C452 /* SDWebImageDownloaderOperation.h */,
				8E99A9FA1F9068920078C452 /* SDWebImageDownloaderOperation.m */,
				8E99A9FB1F9068920078C452 /* SDWebImageManager.h */,
				8E99A9FC1F9068920078C452 /* SDWebImageManager.m */,
				8E99A9FD1F9068920078C452 /* SDWebImageOperation.h */,
				8E99A9FE1F9068920078C452 /* SDWebImagePrefetcher.h */,
				8E99A9FF1F9068920078C452 /* SDWebImagePrefetcher.m */,
				8E99AA001F9068920078C452 /* UIButton+WebCache.h */,
				8E99AA011F9068920078C452 /* UIButton+WebCache.m */,
				8E99AA021F9068920078C452 /* UIImage+GIF.h */,
				8E99AA031F9068920078C452 /* UIImage+GIF.m */,
				8E99AA041F9068920078C452 /* UIImage+MultiFormat.h */,
				8E99AA051F9068920078C452 /* UIImage+MultiFormat.m */,
				8E99AA061F9068920078C452 /* UIImage+WebP.h */,
				8E99AA071F9068920078C452 /* UIImage+WebP.m */,
				8E99AA081F9068920078C452 /* UIImageView+HighlightedWebCache.h */,
				8E99AA091F9068920078C452 /* UIImageView+HighlightedWebCache.m */,
				8E99AA0A1F9068920078C452 /* UIImageView+WebCache.h */,
				8E99AA0B1F9068920078C452 /* UIImageView+WebCache.m */,
				8E99AA0C1F9068920078C452 /* UIView+WebCache.h */,
				8E99AA0D1F9068920078C452 /* UIView+WebCache.m */,
				8E99AA0E1F9068920078C452 /* UIView+WebCacheOperation.h */,
				8E99AA0F1F9068920078C452 /* UIView+WebCacheOperation.m */,
			);
			path = SDWebImage;
			sourceTree = "<group>";
		};
		8EB674D51F99CB76008CC196 /* views */ = {
			isa = PBXGroup;
			children = (
				8EB674D01F99A991008CC196 /* MainPageHeaderTableViewCell.h */,
				8EB674D11F99A991008CC196 /* MainPageHeaderTableViewCell.m */,
				8EB674D21F99A991008CC196 /* MainPageHeaderTableViewCell.xib */,
				8E2E409C1F9460B300B42477 /* SimpleButtonsTableViewCell.h */,
				8E2E409D1F9460B300B42477 /* SimpleButtonsTableViewCell.m */,
				8EB674CB1F974214008CC196 /* SimpleHeaderTableViewCell.h */,
				8EB674CC1F974214008CC196 /* SimpleHeaderTableViewCell.m */,
				8EB674CD1F974214008CC196 /* SimpleHeaderTableViewCell.xib */,
				8E2E40A11F949C0C00B42477 /* ExhibitionLargeCardTableViewCell.h */,
				8E2E40A21F949C0C00B42477 /* ExhibitionLargeCardTableViewCell.m */,
				8E2E40A31F949C0C00B42477 /* ExhibitionLargeCardTableViewCell.xib */,
				8E6C74711F9F333F004B33D1 /* ExhibitionLargeRectTableViewCell.h */,
				8E6C74721F9F333F004B33D1 /* ExhibitionLargeRectTableViewCell.m */,
				8E6C74731F9F333F004B33D1 /* ExhibitionLargeRectTableViewCell.xib */,
				8EB674C61F97416B008CC196 /* MessageSmallTableViewCell.h */,
				8EB674C71F97416B008CC196 /* MessageSmallTableViewCell.m */,
				8EB674C81F97416B008CC196 /* MessageSmallTableViewCell.xib */,
			);
			name = views;
			sourceTree = "<group>";
		};
		8EB674E01F99E9C8008CC196 /* myPage */ = {
			isa = PBXGroup;
			children = (
				8EB674E91F99EB7B008CC196 /* views */,
				8EB674E11F99E9EA008CC196 /* MyPageTableViewController.h */,
				8EB674E21F99E9EA008CC196 /* MyPageTableViewController.m */,
			);
			path = myPage;
			sourceTree = "<group>";
		};
		8EB674E91F99EB7B008CC196 /* views */ = {
			isa = PBXGroup;
			children = (
				8EB674E41F99EB35008CC196 /* MyPageHeaderTableViewCell.h */,
				8EB674E61F99EB35008CC196 /* MyPageHeaderTableViewCell.m */,
				8EB674E51F99EB35008CC196 /* MyPageHeaderTableViewCell.xib */,
				8EB674EA1F99F523008CC196 /* MyPageSimpleTableViewCell.h */,
				8EB674EB1F99F523008CC196 /* MyPageSimpleTableViewCell.m */,
				8EB674EC1F99F523008CC196 /* MyPageSimpleTableViewCell.xib */,
				8EB674EF1F99F85D008CC196 /* MyPageCellModel.h */,
				8EB674F01F99F85D008CC196 /* MyPageCellModel.m */,
			);
			name = views;
			sourceTree = "<group>";
		};
/* End PBXGroup section */

/* Begin PBXNativeTarget section */
		8E99A8C91F90664D0078C452 /* zhanmao */ = {
			isa = PBXNativeTarget;
			buildConfigurationList = 8E99A8E11F90664D0078C452 /* Build configuration list for PBXNativeTarget "zhanmao" */;
			buildPhases = (
				8E99A8C61F90664D0078C452 /* Sources */,
				8E99A8C71F90664D0078C452 /* Frameworks */,
				8E99A8C81F90664D0078C452 /* Resources */,
			);
			buildRules = (
			);
			dependencies = (
			);
			name = zhanmao;
			productName = zhanmao;
			productReference = 8E99A8CA1F90664D0078C452 /* zhanmao.app */;
			productType = "com.apple.product-type.application";
		};
/* End PBXNativeTarget section */

/* Begin PBXProject section */
		8E99A8C21F90664D0078C452 /* Project object */ = {
			isa = PBXProject;
			attributes = {
				LastUpgradeCheck = 0830;
				ORGANIZATIONNAME = bangju;
				TargetAttributes = {
					8E99A8C91F90664D0078C452 = {
						CreatedOnToolsVersion = 8.3.2;
						DevelopmentTeam = 9J7GGU5G9G;
						ProvisioningStyle = Automatic;
					};
				};
			};
			buildConfigurationList = 8E99A8C51F90664D0078C452 /* Build configuration list for PBXProject "zhanmao" */;
			compatibilityVersion = "Xcode 3.2";
			developmentRegion = English;
			hasScannedForEncodings = 0;
			knownRegions = (
				en,
				Base,
			);
			mainGroup = 8E99A8C11F90664D0078C452;
			productRefGroup = 8E99A8CB1F90664D0078C452 /* Products */;
			projectDirPath = "";
			projectRoot = "";
			targets = (
				8E99A8C91F90664D0078C452 /* zhanmao */,
			);
		};
/* End PBXProject section */

/* Begin PBXResourcesBuildPhase section */
		8E99A8C81F90664D0078C452 /* Resources */ = {
			isa = PBXResourcesBuildPhase;
			buildActionMask = 2147483647;
			files = (
				8E2E40A51F949C0C00B42477 /* ExhibitionLargeCardTableViewCell.xib in Resources */,
				8E6C74821F9F42E8004B33D1 /* 1.jpg in Resources */,
				8E99A8DD1F90664D0078C452 /* LaunchScreen.storyboard in Resources */,
				8E6C742A1F9ED49D004B33D1 /* SimpleTitleTableViewCell.xib in Resources */,
				8E99AAA01F9068920078C452 /* Checkmark@3x.png in Resources */,
				8E6C74991FA03E9B004B33D1 /* ProductParameterTableViewCell.xib in Resources */,
				8E6C74A91FA071B4004B33D1 /* RentCartEditTableViewCell.xib in Resources */,
				8E2E40981F945A2E00B42477 /* NothingWarningView.xib in Resources */,
				8E99AA3D1F9068920078C452 /* hhh.html in Resources */,
				8E6C74A11FA06B45004B33D1 /* OnlineRent.storyboard in Resources */,
				8E6C74811F9F42E8004B33D1 /* 0.jpg in Resources */,
				8E6C748E1FA02495004B33D1 /* LargeImageBlackLabelTableViewCell.xib in Resources */,
				8E99AA9F1F9068920078C452 /* Checkmark@2x.png in Resources */,
				8E6C742F1F9EDB68004B33D1 /* GoodsTableViewCell.xib in Resources */,
				8E6C74851F9F42E8004B33D1 /* 4.jpg in Resources */,
				8E6C73FB1F9D99B6004B33D1 /* TitleTextFieldTableViewCell.xib in Resources */,
				8E2E40961F945A2E00B42477 /* NothingFooterCell.xib in Resources */,
				8E6C74831F9F42E8004B33D1 /* 2.jpg in Resources */,
				8EB674CA1F97416B008CC196 /* MessageSmallTableViewCell.xib in Resources */,
				8E99A8DA1F90664D0078C452 /* Assets.xcassets in Resources */,
				8E99A8D81F90664D0078C452 /* Main.storyboard in Resources */,
				8EB674D41F99A991008CC196 /* MainPageHeaderTableViewCell.xib in Resources */,
				8EB674C51F973CE8008CC196 /* a.png in Resources */,
				8E6C74031F9D9CA0004B33D1 /* TitleSelectionHeaderTableViewCell.xib in Resources */,
				8E6C74841F9F42E8004B33D1 /* 3.jpg in Resources */,
				8E6C74081F9D9E4D004B33D1 /* TitleSelectionItemTableViewCell.xib in Resources */,
				8E6C74941FA03E69004B33D1 /* ProductDetailTableViewCell.xib in Resources */,
				8EB674DF1F99E83F008CC196 /* MainPage.storyboard in Resources */,
				8EB674E71F99EB35008CC196 /* MyPageHeaderTableViewCell.xib in Resources */,
				8E6C740D1F9D9FE6004B33D1 /* TitleTextViewTableViewCell.xib in Resources */,
				8E6C74751F9F333F004B33D1 /* ExhibitionLargeRectTableViewCell.xib in Resources */,
				8E99AA9E1F9068920078C452 /* Checkmark.png in Resources */,
				8EB674CF1F974214008CC196 /* SimpleHeaderTableViewCell.xib in Resources */,
				8EB674EE1F99F523008CC196 /* MyPageSimpleTableViewCell.xib in Resources */,
			);
			runOnlyForDeploymentPostprocessing = 0;
		};
/* End PBXResourcesBuildPhase section */

/* Begin PBXSourcesBuildPhase section */
		8E99A8C61F90664D0078C452 /* Sources */ = {
			isa = PBXSourcesBuildPhase;
			buildActionMask = 2147483647;
			files = (
				8E6C748D1FA02495004B33D1 /* LargeImageBlackLabelTableViewCell.m in Sources */,
				8E6C73F51F9D9280004B33D1 /* ImageTitleBarButtonItem.m in Sources */,
				8E2E40951F945A2E00B42477 /* NothingFooterCell.m in Sources */,
				8E99AAA21F9068920078C452 /* MBProgressHUD.m in Sources */,
				8E99AAA11F9068920078C452 /* MBProgressHUD+ZZCustom.m in Sources */,
				8E99AAB31F9068920078C452 /* UIImageView+HighlightedWebCache.m in Sources */,
				8EB674F11F99F85D008CC196 /* MyPageCellModel.m in Sources */,
				8EB674C31F973818008CC196 /* BaseTableViewController.m in Sources */,
				8E99AAA61F9068920078C452 /* NSImage+WebCache.m in Sources */,
				8E99AAA91F9068920078C452 /* SDWebImageCompat.m in Sources */,
				8E99AAA81F9068920078C452 /* SDImageCacheConfig.m in Sources */,
				8E99AA9C1F9068920078C452 /* Foundation+Log.m in Sources */,
				8E99AAAC1F9068920078C452 /* SDWebImageDownloaderOperation.m in Sources */,
				8E99A8D21F90664D0078C452 /* AppDelegate.m in Sources */,
				8E6C74A41FA06C05004B33D1 /* BaseToolBarTableViewController.m in Sources */,
				8E99AAC31F9069AC0078C452 /* NaviController.m in Sources */,
				8E99AACA1F906E660078C452 /* AdvertiseView.m in Sources */,
				8E99A8CF1F90664D0078C452 /* main.m in Sources */,
				8E99AABD1F9068920078C452 /* ZZUrlTool.m in Sources */,
				8E99AABA1F9068920078C452 /* ZZHttpTool.m in Sources */,
				8E6C74101F9DBD9E004B33D1 /* BaseFormTableViewController.m in Sources */,
				8EB674ED1F99F523008CC196 /* MyPageSimpleTableViewCell.m in Sources */,
				8E2E408E1F9459F500B42477 /* BaseViewController.m in Sources */,
				8E99AAB21F9068920078C452 /* UIImage+WebP.m in Sources */,
				8E6C74741F9F333F004B33D1 /* ExhibitionLargeRectTableViewCell.m in Sources */,
				8E99AAB11F9068920078C452 /* UIImage+MultiFormat.m in Sources */,
				8E6C741D1F9DF0E2004B33D1 /* OnlineRentTableViewController.m in Sources */,
				8E6C742E1F9EDB68004B33D1 /* GoodsTableViewCell.m in Sources */,
				8E6C749F1FA0669D004B33D1 /* ProductDetailViewController.m in Sources */,
				8E6C74931FA03E69004B33D1 /* ProductDetailTableViewCell.m in Sources */,
				8E2E40A91F94A46B00B42477 /* LinedTableViewCell.m in Sources */,
				8E2E40971F945A2E00B42477 /* NothingWarningView.m in Sources */,
				8E99AA441F9068920078C452 /* ZZPagerController.m in Sources */,
				8E6C74981FA03E9B004B33D1 /* ProductParameterTableViewCell.m in Sources */,
				8E6C746D1F9F2B23004B33D1 /* PhotoSliderView.m in Sources */,
				8E99AAB01F9068920078C452 /* UIImage+GIF.m in Sources */,
				8E99AAAD1F9068920078C452 /* SDWebImageManager.m in Sources */,
				8EB674D81F99D003008CC196 /* CorneredImageView.m in Sources */,
				8E6C749C1FA041C0004B33D1 /* ZZStepper.m in Sources */,
				8EB674CE1F974214008CC196 /* SimpleHeaderTableViewCell.m in Sources */,
				8E6C747B1F9F40CD004B33D1 /* ExhibitionPictureViewController.m in Sources */,
				8E6C74071F9D9E4D004B33D1 /* TitleSelectionItemTableViewCell.m in Sources */,
				8E6C74251F9DF537004B33D1 /* MenuHeaderTableViewCell.m in Sources */,
				8E99AA9D1F9068920078C452 /* JRSwizzle.m in Sources */,
				8E99AA491F9068920078C452 /* UIImage+ext.m in Sources */,
				8E2E409F1F9460B300B42477 /* SimpleButtonsTableViewCell.m in Sources */,
				8E2E40A41F949C0C00B42477 /* ExhibitionLargeCardTableViewCell.m in Sources */,
				8E99AAB41F9068920078C452 /* UIImageView+WebCache.m in Sources */,
				8E99AAA41F9068920078C452 /* MKAnnotationView+WebCache.m in Sources */,
				8E6C74AC1FA08572004B33D1 /* RentCartViewController.m in Sources */,
				8E6C74A81FA071B4004B33D1 /* RentCartEditTableViewCell.m in Sources */,
				8E2E408B1F9459ED00B42477 /* BaseModel.m in Sources */,
				8EB674C21F973818008CC196 /* BaseLoadMoreFooterView.m in Sources */,
				8EB674E31F99E9EA008CC196 /* MyPageTableViewController.m in Sources */,
				8E99AAA51F9068920078C452 /* NSData+ImageContentType.m in Sources */,
				8EB674C91F97416B008CC196 /* MessageSmallTableViewCell.m in Sources */,
				8EB674C11F973818008CC196 /* BaseCollectionViewController.m in Sources */,
				8E99AAAE1F9068920078C452 /* SDWebImagePrefetcher.m in Sources */,
				8E6C74701F9F3020004B33D1 /* ExhibitionExamplesViewController.m in Sources */,
				8E99AAC41F9069AC0078C452 /* TabbarController.m in Sources */,
				8E6C74131F9DC0C4004B33D1 /* ZhuchangFormTableViewController.m in Sources */,
				8E99AAA71F9068920078C452 /* SDImageCache.m in Sources */,
				8E99AAAA1F9068920078C452 /* SDWebImageDecoder.m in Sources */,
				8E99AAAB1F9068920078C452 /* SDWebImageDownloader.m in Sources */,
				8E99AAB61F9068920078C452 /* UIView+WebCacheOperation.m in Sources */,
				8E6C74181F9DD785004B33D1 /* ExhibitionListViewController.m in Sources */,
				8E99AAB51F9068920078C452 /* UIView+WebCache.m in Sources */,
				8E6C74291F9ED49D004B33D1 /* SimpleTitleTableViewCell.m in Sources */,
				8E6C74891FA0243E004B33D1 /* TravellingRootViewController.m in Sources */,
				8EB674E81F99EB35008CC196 /* MyPageHeaderTableViewCell.m in Sources */,
				8E2E409B1F945AB700B42477 /* MainPageTableViewController.m in Sources */,
				8E6C74021F9D9CA0004B33D1 /* TitleSelectionHeaderTableViewCell.m in Sources */,
				8E99AAA31F9068920078C452 /* Reachability.m in Sources */,
				8E99AA481F9068920078C452 /* NSString+ext.m in Sources */,
				8E99AAAF1F9068920078C452 /* UIButton+WebCache.m in Sources */,
				8EB674D31F99A991008CC196 /* MainPageHeaderTableViewCell.m in Sources */,
				8E6C73FA1F9D99B6004B33D1 /* TitleTextFieldTableViewCell.m in Sources */,
				8E6C73FE1F9D9B18004B33D1 /* FormBaseTableViewCell.m in Sources */,
				8E99AAC71F906B190078C452 /* ZZnotificationName.m in Sources */,
				8E99AA451F9068920078C452 /* ZZSearchBar.m in Sources */,
				8E6C740C1F9D9FE6004B33D1 /* TitleTextViewTableViewCell.m in Sources */,
				8E99AA461F9068920078C452 /* NSDictionary+ext.m in Sources */,
				8E99AA471F9068920078C452 /* NSObject+SwizzleClasses.m in Sources */,
				8E99AA4A1F9068920078C452 /* UIView+ext.m in Sources */,
			);
			runOnlyForDeploymentPostprocessing = 0;
		};
/* End PBXSourcesBuildPhase section */

/* Begin PBXVariantGroup section */
		8E99A8D61F90664D0078C452 /* Main.storyboard */ = {
			isa = PBXVariantGroup;
			children = (
				8E99A8D71F90664D0078C452 /* Base */,
			);
			name = Main.storyboard;
			sourceTree = "<group>";
		};
		8E99A8DB1F90664D0078C452 /* LaunchScreen.storyboard */ = {
			isa = PBXVariantGroup;
			children = (
				8E99A8DC1F90664D0078C452 /* Base */,
			);
			name = LaunchScreen.storyboard;
			sourceTree = "<group>";
		};
/* End PBXVariantGroup section */

/* Begin XCBuildConfiguration section */
		8E99A8DF1F90664D0078C452 /* Debug */ = {
			isa = XCBuildConfiguration;
			buildSettings = {
				ALWAYS_SEARCH_USER_PATHS = NO;
				CLANG_ANALYZER_NONNULL = YES;
				CLANG_ANALYZER_NUMBER_OBJECT_CONVERSION = YES_AGGRESSIVE;
				CLANG_CXX_LANGUAGE_STANDARD = "gnu++0x";
				CLANG_CXX_LIBRARY = "libc++";
				CLANG_ENABLE_MODULES = YES;
				CLANG_ENABLE_OBJC_ARC = YES;
				CLANG_WARN_BOOL_CONVERSION = YES;
				CLANG_WARN_CONSTANT_CONVERSION = YES;
				CLANG_WARN_DIRECT_OBJC_ISA_USAGE = YES_ERROR;
				CLANG_WARN_DOCUMENTATION_COMMENTS = YES;
				CLANG_WARN_EMPTY_BODY = YES;
				CLANG_WARN_ENUM_CONVERSION = YES;
				CLANG_WARN_INFINITE_RECURSION = YES;
				CLANG_WARN_INT_CONVERSION = YES;
				CLANG_WARN_OBJC_ROOT_CLASS = YES_ERROR;
				CLANG_WARN_SUSPICIOUS_MOVE = YES;
				CLANG_WARN_UNREACHABLE_CODE = YES;
				CLANG_WARN__DUPLICATE_METHOD_MATCH = YES;
				"CODE_SIGN_IDENTITY[sdk=iphoneos*]" = "iPhone Developer";
				COPY_PHASE_STRIP = NO;
				DEBUG_INFORMATION_FORMAT = dwarf;
				ENABLE_STRICT_OBJC_MSGSEND = YES;
				ENABLE_TESTABILITY = YES;
				GCC_C_LANGUAGE_STANDARD = gnu99;
				GCC_DYNAMIC_NO_PIC = NO;
				GCC_NO_COMMON_BLOCKS = YES;
				GCC_OPTIMIZATION_LEVEL = 0;
				GCC_PREPROCESSOR_DEFINITIONS = (
					"DEBUG=1",
					"$(inherited)",
				);
				GCC_WARN_64_TO_32_BIT_CONVERSION = YES;
				GCC_WARN_ABOUT_RETURN_TYPE = YES_ERROR;
				GCC_WARN_UNDECLARED_SELECTOR = YES;
				GCC_WARN_UNINITIALIZED_AUTOS = YES_AGGRESSIVE;
				GCC_WARN_UNUSED_FUNCTION = YES;
				GCC_WARN_UNUSED_VARIABLE = YES;
				IPHONEOS_DEPLOYMENT_TARGET = 10.3;
				MTL_ENABLE_DEBUG_INFO = YES;
				ONLY_ACTIVE_ARCH = YES;
				SDKROOT = iphoneos;
				TARGETED_DEVICE_FAMILY = "1,2";
			};
			name = Debug;
		};
		8E99A8E01F90664D0078C452 /* Release */ = {
			isa = XCBuildConfiguration;
			buildSettings = {
				ALWAYS_SEARCH_USER_PATHS = NO;
				CLANG_ANALYZER_NONNULL = YES;
				CLANG_ANALYZER_NUMBER_OBJECT_CONVERSION = YES_AGGRESSIVE;
				CLANG_CXX_LANGUAGE_STANDARD = "gnu++0x";
				CLANG_CXX_LIBRARY = "libc++";
				CLANG_ENABLE_MODULES = YES;
				CLANG_ENABLE_OBJC_ARC = YES;
				CLANG_WARN_BOOL_CONVERSION = YES;
				CLANG_WARN_CONSTANT_CONVERSION = YES;
				CLANG_WARN_DIRECT_OBJC_ISA_USAGE = YES_ERROR;
				CLANG_WARN_DOCUMENTATION_COMMENTS = YES;
				CLANG_WARN_EMPTY_BODY = YES;
				CLANG_WARN_ENUM_CONVERSION = YES;
				CLANG_WARN_INFINITE_RECURSION = YES;
				CLANG_WARN_INT_CONVERSION = YES;
				CLANG_WARN_OBJC_ROOT_CLASS = YES_ERROR;
				CLANG_WARN_SUSPICIOUS_MOVE = YES;
				CLANG_WARN_UNREACHABLE_CODE = YES;
				CLANG_WARN__DUPLICATE_METHOD_MATCH = YES;
				"CODE_SIGN_IDENTITY[sdk=iphoneos*]" = "iPhone Developer";
				COPY_PHASE_STRIP = NO;
				DEBUG_INFORMATION_FORMAT = "dwarf-with-dsym";
				ENABLE_NS_ASSERTIONS = NO;
				ENABLE_STRICT_OBJC_MSGSEND = YES;
				GCC_C_LANGUAGE_STANDARD = gnu99;
				GCC_NO_COMMON_BLOCKS = YES;
				GCC_WARN_64_TO_32_BIT_CONVERSION = YES;
				GCC_WARN_ABOUT_RETURN_TYPE = YES_ERROR;
				GCC_WARN_UNDECLARED_SELECTOR = YES;
				GCC_WARN_UNINITIALIZED_AUTOS = YES_AGGRESSIVE;
				GCC_WARN_UNUSED_FUNCTION = YES;
				GCC_WARN_UNUSED_VARIABLE = YES;
				IPHONEOS_DEPLOYMENT_TARGET = 10.3;
				MTL_ENABLE_DEBUG_INFO = NO;
				SDKROOT = iphoneos;
				TARGETED_DEVICE_FAMILY = "1,2";
				VALIDATE_PRODUCT = YES;
			};
			name = Release;
		};
		8E99A8E21F90664D0078C452 /* Debug */ = {
			isa = XCBuildConfiguration;
			buildSettings = {
				ASSETCATALOG_COMPILER_APPICON_NAME = AppIcon;
				DEVELOPMENT_TEAM = 9J7GGU5G9G;
				FRAMEWORK_SEARCH_PATHS = (
					"$(inherited)",
					"$(PROJECT_DIR)/zhanmao/classes/tool/AMap",
					"$(PROJECT_DIR)/zhanmao/classes/tool/UMMobClick",
				);
				GCC_PREFIX_HEADER = "$(SRCROOT)/zhanmao/PrefixHeader.pch";
				INFOPLIST_FILE = zhanmao/Info.plist;
				IPHONEOS_DEPLOYMENT_TARGET = 10.3;
				LD_RUNPATH_SEARCH_PATHS = "$(inherited) @executable_path/Frameworks";
				LIBRARY_SEARCH_PATHS = (
					"$(inherited)",
					"$(PROJECT_DIR)/zhanmao/classes/tool/WeChatOpenSDK1.7.8",
				);
				PRODUCT_BUNDLE_IDENTIFIER = com.bangju.zhanmao;
				PRODUCT_NAME = "$(TARGET_NAME)";
			};
			name = Debug;
		};
		8E99A8E31F90664D0078C452 /* Release */ = {
			isa = XCBuildConfiguration;
			buildSettings = {
				ASSETCATALOG_COMPILER_APPICON_NAME = AppIcon;
				DEVELOPMENT_TEAM = 9J7GGU5G9G;
				FRAMEWORK_SEARCH_PATHS = (
					"$(inherited)",
					"$(PROJECT_DIR)/zhanmao/classes/tool/AMap",
					"$(PROJECT_DIR)/zhanmao/classes/tool/UMMobClick",
				);
				GCC_PREFIX_HEADER = "$(SRCROOT)/zhanmao/PrefixHeader.pch";
				INFOPLIST_FILE = zhanmao/Info.plist;
				IPHONEOS_DEPLOYMENT_TARGET = 10.3;
				LD_RUNPATH_SEARCH_PATHS = "$(inherited) @executable_path/Frameworks";
				LIBRARY_SEARCH_PATHS = (
					"$(inherited)",
					"$(PROJECT_DIR)/zhanmao/classes/tool/WeChatOpenSDK1.7.8",
				);
				PRODUCT_BUNDLE_IDENTIFIER = com.bangju.zhanmao;
				PRODUCT_NAME = "$(TARGET_NAME)";
			};
			name = Release;
		};
/* End XCBuildConfiguration section */

/* Begin XCConfigurationList section */
		8E99A8C51F90664D0078C452 /* Build configuration list for PBXProject "zhanmao" */ = {
			isa = XCConfigurationList;
			buildConfigurations = (
				8E99A8DF1F90664D0078C452 /* Debug */,
				8E99A8E01F90664D0078C452 /* Release */,
			);
			defaultConfigurationIsVisible = 0;
			defaultConfigurationName = Release;
		};
		8E99A8E11F90664D0078C452 /* Build configuration list for PBXNativeTarget "zhanmao" */ = {
			isa = XCConfigurationList;
			buildConfigurations = (
				8E99A8E21F90664D0078C452 /* Debug */,
				8E99A8E31F90664D0078C452 /* Release */,
			);
			defaultConfigurationIsVisible = 0;
			defaultConfigurationName = Release;
		};
/* End XCConfigurationList section */
	};
	rootObject = 8E99A8C21F90664D0078C452 /* Project object */;
}
